// !$*UTF8*$!
{
	archiveVersion = 1;
	classes = {
	};
	objectVersion = 55;
	objects = {

/* Begin PBXBuildFile section */
		0D1CFF3A186905974D6F5423 /* Pods_PoliServices.framework in Frameworks */ = {isa = PBXBuildFile; fileRef = 443085F77B7B3BA2783D0A39 /* Pods_PoliServices.framework */; };
		4C55034529379F3600699589 /* AppDelegate.swift in Sources */ = {isa = PBXBuildFile; fileRef = 4C55034429379F3600699589 /* AppDelegate.swift */; };
		4C55034729379F3600699589 /* SceneDelegate.swift in Sources */ = {isa = PBXBuildFile; fileRef = 4C55034629379F3600699589 /* SceneDelegate.swift */; };
		4C55034E29379F3900699589 /* Assets.xcassets in Resources */ = {isa = PBXBuildFile; fileRef = 4C55034D29379F3900699589 /* Assets.xcassets */; };
		4C55035129379F3900699589 /* LaunchScreen.storyboard in Resources */ = {isa = PBXBuildFile; fileRef = 4C55034F29379F3900699589 /* LaunchScreen.storyboard */; };
		A30D83422950964100A0C205 /* SelectDateViewController.swift in Sources */ = {isa = PBXBuildFile; fileRef = A30D833F2950964100A0C205 /* SelectDateViewController.swift */; };
		A30D83432950964100A0C205 /* SelectDateView.swift in Sources */ = {isa = PBXBuildFile; fileRef = A30D83402950964100A0C205 /* SelectDateView.swift */; };
		A30D83442950964100A0C205 /* SelectDateViewModel.swift in Sources */ = {isa = PBXBuildFile; fileRef = A30D83412950964100A0C205 /* SelectDateViewModel.swift */; };
		A30D834A2950A35B00A0C205 /* UIColor.swift in Sources */ = {isa = PBXBuildFile; fileRef = A30D83492950A35B00A0C205 /* UIColor.swift */; };
		A30D834D2950A8B100A0C205 /* ServiceData.swift in Sources */ = {isa = PBXBuildFile; fileRef = A30D834C2950A8B100A0C205 /* ServiceData.swift */; };
		A30D834F2950A90900A0C205 /* Service.swift in Sources */ = {isa = PBXBuildFile; fileRef = A30D834E2950A90900A0C205 /* Service.swift */; };
		A30D83542950ABDD00A0C205 /* NewServiceViewController.swift in Sources */ = {isa = PBXBuildFile; fileRef = A30D83512950ABDD00A0C205 /* NewServiceViewController.swift */; };
		A30D83552950ABDD00A0C205 /* NewServiceView.swift in Sources */ = {isa = PBXBuildFile; fileRef = A30D83522950ABDD00A0C205 /* NewServiceView.swift */; };
		A30D83562950ABDD00A0C205 /* NewServiceViewModel.swift in Sources */ = {isa = PBXBuildFile; fileRef = A30D83532950ABDD00A0C205 /* NewServiceViewModel.swift */; };
		A30D83592950AE1700A0C205 /* ServiceCollectionViewCell.swift in Sources */ = {isa = PBXBuildFile; fileRef = A30D83582950AE1700A0C205 /* ServiceCollectionViewCell.swift */; };
		A30D83602950AEC700A0C205 /* UIImage.swift in Sources */ = {isa = PBXBuildFile; fileRef = A30D835F2950AEC700A0C205 /* UIImage.swift */; };
		A30D83652950CD2500A0C205 /* HomeViewController.swift in Sources */ = {isa = PBXBuildFile; fileRef = A30D83622950CD2500A0C205 /* HomeViewController.swift */; };
		A30D83662950CD2500A0C205 /* HomeView.swift in Sources */ = {isa = PBXBuildFile; fileRef = A30D83632950CD2500A0C205 /* HomeView.swift */; };
		A30D83672950CD2500A0C205 /* HomeViewModel.swift in Sources */ = {isa = PBXBuildFile; fileRef = A30D83642950CD2500A0C205 /* HomeViewModel.swift */; };
		A30D83692950CF7500A0C205 /* InfoView.swift in Sources */ = {isa = PBXBuildFile; fileRef = A30D83682950CF7500A0C205 /* InfoView.swift */; };
		A30D836E2950D5C300A0C205 /* ServiceView.swift in Sources */ = {isa = PBXBuildFile; fileRef = A30D836B2950D5C300A0C205 /* ServiceView.swift */; };
		A30D83742950EFF500A0C205 /* NextServiceView.swift in Sources */ = {isa = PBXBuildFile; fileRef = A30D83712950EFF500A0C205 /* NextServiceView.swift */; };
		A3422C2629C502E8002ACBCA /* SelectDateViewModelTests.swift in Sources */ = {isa = PBXBuildFile; fileRef = A3422C2529C502E8002ACBCA /* SelectDateViewModelTests.swift */; };
		A3422C2829C503A8002ACBCA /* NotificationManagerMock.swift in Sources */ = {isa = PBXBuildFile; fileRef = A3422C2729C503A8002ACBCA /* NotificationManagerMock.swift */; };
		A34EB29229C7CA25004DDA87 /* ServiceDetailsViewModelTests.swift in Sources */ = {isa = PBXBuildFile; fileRef = A34EB29129C7CA25004DDA87 /* ServiceDetailsViewModelTests.swift */; };
		A34EB29529C7CD43004DDA87 /* ReasonForCancelationViewModelTests.swift in Sources */ = {isa = PBXBuildFile; fileRef = A34EB29429C7CD43004DDA87 /* ReasonForCancelationViewModelTests.swift */; };
		A34EB29729C89015004DDA87 /* UserDefaultsMock.swift in Sources */ = {isa = PBXBuildFile; fileRef = A34EB29629C89015004DDA87 /* UserDefaultsMock.swift */; };
		A34EB29A29C8910F004DDA87 /* ServiceDataTests.swift in Sources */ = {isa = PBXBuildFile; fileRef = A34EB29929C8910F004DDA87 /* ServiceDataTests.swift */; };
		A364A8DB2954C1FD007B803E /* ServiceAPIModel.swift in Sources */ = {isa = PBXBuildFile; fileRef = A364A8DA2954C1FD007B803E /* ServiceAPIModel.swift */; };
		A364A8DE2954C3C4007B803E /* ServiceAPIResult.swift in Sources */ = {isa = PBXBuildFile; fileRef = A364A8DD2954C3C4007B803E /* ServiceAPIResult.swift */; };
		A364A8E22954CA70007B803E /* ServiceLayout.swift in Sources */ = {isa = PBXBuildFile; fileRef = A364A8E12954CA70007B803E /* ServiceLayout.swift */; };
		A37B963029C2630B00944414 /* DependencyInjector.swift in Sources */ = {isa = PBXBuildFile; fileRef = A37B962F29C2630B00944414 /* DependencyInjector.swift */; };
		A37B963329C287F900944414 /* ServiceMock.swift in Sources */ = {isa = PBXBuildFile; fileRef = A37B963229C287F900944414 /* ServiceMock.swift */; };
		A37B963629C3C0F700944414 /* NewServiceViewModelTests.swift in Sources */ = {isa = PBXBuildFile; fileRef = A37B963529C3C0F700944414 /* NewServiceViewModelTests.swift */; };
		A37B963829C3C36700944414 /* NetworkManagerMock.swift in Sources */ = {isa = PBXBuildFile; fileRef = A37B963729C3C36700944414 /* NetworkManagerMock.swift */; };
		A37ED9782964B938001CF9B1 /* ServiceDetailsViewController.swift in Sources */ = {isa = PBXBuildFile; fileRef = A37ED9752964B938001CF9B1 /* ServiceDetailsViewController.swift */; };
		A37ED9792964B938001CF9B1 /* ServiceDetailsView.swift in Sources */ = {isa = PBXBuildFile; fileRef = A37ED9762964B938001CF9B1 /* ServiceDetailsView.swift */; };
		A37ED97A2964B938001CF9B1 /* ServiceDetailsViewModel.swift in Sources */ = {isa = PBXBuildFile; fileRef = A37ED9772964B938001CF9B1 /* ServiceDetailsViewModel.swift */; };
		A37ED97D2965ACDD001CF9B1 /* TimeInterval.swift in Sources */ = {isa = PBXBuildFile; fileRef = A37ED97C2965ACDD001CF9B1 /* TimeInterval.swift */; };
		A37ED9812965F471001CF9B1 /* NotificationManager.swift in Sources */ = {isa = PBXBuildFile; fileRef = A37ED9802965F471001CF9B1 /* NotificationManager.swift */; };
		A37ED98429660A9C001CF9B1 /* NSNotificationName.swift in Sources */ = {isa = PBXBuildFile; fileRef = A37ED98329660A9C001CF9B1 /* NSNotificationName.swift */; };
		A37ED98929663FEB001CF9B1 /* ReasonForCancelationViewController.swift in Sources */ = {isa = PBXBuildFile; fileRef = A37ED98629663FEB001CF9B1 /* ReasonForCancelationViewController.swift */; };
		A37ED98A29663FEB001CF9B1 /* ReasonForCancelationView.swift in Sources */ = {isa = PBXBuildFile; fileRef = A37ED98729663FEB001CF9B1 /* ReasonForCancelationView.swift */; };
		A37ED98B29663FEB001CF9B1 /* ReasonForCancelationViewModel.swift in Sources */ = {isa = PBXBuildFile; fileRef = A37ED98829663FEB001CF9B1 /* ReasonForCancelationViewModel.swift */; };
		A37ED98D296646C7001CF9B1 /* Reason.swift in Sources */ = {isa = PBXBuildFile; fileRef = A37ED98C296646C7001CF9B1 /* Reason.swift */; };
		A3886C912969AD150066BA01 /* NotificationIdentifier.swift in Sources */ = {isa = PBXBuildFile; fileRef = A3886C902969AD150066BA01 /* NotificationIdentifier.swift */; };
		A3886C932969AE700066BA01 /* String.swift in Sources */ = {isa = PBXBuildFile; fileRef = A3886C922969AE700066BA01 /* String.swift */; };
		A38D249F2955E60500B06DF0 /* Int.swift in Sources */ = {isa = PBXBuildFile; fileRef = A38D249E2955E60500B06DF0 /* Int.swift */; };
		A38D24A12956169F00B06DF0 /* Date.swift in Sources */ = {isa = PBXBuildFile; fileRef = A38D24A02956169F00B06DF0 /* Date.swift */; };
		A38D24A3295631B400B06DF0 /* Time.swift in Sources */ = {isa = PBXBuildFile; fileRef = A38D24A2295631B400B06DF0 /* Time.swift */; };
		A3951ECB296C88A400392C7D /* HTTPMethod.swift in Sources */ = {isa = PBXBuildFile; fileRef = A3951ECA296C88A400392C7D /* HTTPMethod.swift */; };
		A3951ECD296C891A00392C7D /* HTTPTask.swift in Sources */ = {isa = PBXBuildFile; fileRef = A3951ECC296C891A00392C7D /* HTTPTask.swift */; };
		A3951ECF296C8A2C00392C7D /* EndPointType.swift in Sources */ = {isa = PBXBuildFile; fileRef = A3951ECE296C8A2C00392C7D /* EndPointType.swift */; };
		A3951ED2296C8B4600392C7D /* ParameterEncoding.swift in Sources */ = {isa = PBXBuildFile; fileRef = A3951ED1296C8B4600392C7D /* ParameterEncoding.swift */; };
		A3951ED4296C8CCA00392C7D /* NetworkError.swift in Sources */ = {isa = PBXBuildFile; fileRef = A3951ED3296C8CCA00392C7D /* NetworkError.swift */; };
		A3951ED6296C8D1B00392C7D /* URLParameterEncoder.swift in Sources */ = {isa = PBXBuildFile; fileRef = A3951ED5296C8D1B00392C7D /* URLParameterEncoder.swift */; };
		A3951ED8296C8E7700392C7D /* JSONParameterEncoder.swift in Sources */ = {isa = PBXBuildFile; fileRef = A3951ED7296C8E7700392C7D /* JSONParameterEncoder.swift */; };
		A3951EDC296C8FFA00392C7D /* Router.swift in Sources */ = {isa = PBXBuildFile; fileRef = A3951EDB296C8FFA00392C7D /* Router.swift */; };
		A3951EDF296C931300392C7D /* NetworkManager.swift in Sources */ = {isa = PBXBuildFile; fileRef = A3951EDE296C931300392C7D /* NetworkManager.swift */; };
		A3951EE7296CACBA00392C7D /* DevPoliServiceEndPoint.swift in Sources */ = {isa = PBXBuildFile; fileRef = A3951EE6296CACBA00392C7D /* DevPoliServiceEndPoint.swift */; };
		A3F3498629C22A32003E299A /* HomeViewModelTests.swift in Sources */ = {isa = PBXBuildFile; fileRef = A3F3498529C22A32003E299A /* HomeViewModelTests.swift */; };
		A3F3498929C22D85003E299A /* AppContainer.swift in Sources */ = {isa = PBXBuildFile; fileRef = A3F3498829C22D85003E299A /* AppContainer.swift */; };
		A3F3498C29C231FD003E299A /* AppContainer.swift in Sources */ = {isa = PBXBuildFile; fileRef = A3F3498B29C231FD003E299A /* AppContainer.swift */; };
		A3F3498F29C232A1003E299A /* ServiceDataMock.swift in Sources */ = {isa = PBXBuildFile; fileRef = A3F3498E29C232A1003E299A /* ServiceDataMock.swift */; };
		AA8EC10FBA5A1B2419B212CC /* Pods_PoliServicesTests.framework in Frameworks */ = {isa = PBXBuildFile; fileRef = 9A4BA796FDD3A51DE2C3148D /* Pods_PoliServicesTests.framework */; };
/* End PBXBuildFile section */

/* Begin PBXContainerItemProxy section */
		A3F3497E29C22A17003E299A /* PBXContainerItemProxy */ = {
			isa = PBXContainerItemProxy;
			containerPortal = 4C55033929379F3600699589 /* Project object */;
			proxyType = 1;
			remoteGlobalIDString = 4C55034029379F3600699589;
			remoteInfo = PoliServices;
		};
/* End PBXContainerItemProxy section */

/* Begin PBXFileReference section */
		443085F77B7B3BA2783D0A39 /* Pods_PoliServices.framework */ = {isa = PBXFileReference; explicitFileType = wrapper.framework; includeInIndex = 0; path = Pods_PoliServices.framework; sourceTree = BUILT_PRODUCTS_DIR; };
		4C55034129379F3600699589 /* PoliServices.app */ = {isa = PBXFileReference; explicitFileType = wrapper.application; includeInIndex = 0; path = PoliServices.app; sourceTree = BUILT_PRODUCTS_DIR; };
		4C55034429379F3600699589 /* AppDelegate.swift */ = {isa = PBXFileReference; lastKnownFileType = sourcecode.swift; path = AppDelegate.swift; sourceTree = "<group>"; };
		4C55034629379F3600699589 /* SceneDelegate.swift */ = {isa = PBXFileReference; lastKnownFileType = sourcecode.swift; path = SceneDelegate.swift; sourceTree = "<group>"; };
		4C55034D29379F3900699589 /* Assets.xcassets */ = {isa = PBXFileReference; lastKnownFileType = folder.assetcatalog; path = Assets.xcassets; sourceTree = "<group>"; };
		4C55035029379F3900699589 /* Base */ = {isa = PBXFileReference; lastKnownFileType = file.storyboard; name = Base; path = Base.lproj/LaunchScreen.storyboard; sourceTree = "<group>"; };
		4C55035229379F3900699589 /* Info.plist */ = {isa = PBXFileReference; lastKnownFileType = text.plist.xml; path = Info.plist; sourceTree = "<group>"; };
		596D28A720706EA7E91E222A /* Pods-PoliServices.debug.xcconfig */ = {isa = PBXFileReference; includeInIndex = 1; lastKnownFileType = text.xcconfig; name = "Pods-PoliServices.debug.xcconfig"; path = "Target Support Files/Pods-PoliServices/Pods-PoliServices.debug.xcconfig"; sourceTree = "<group>"; };
		9A4BA796FDD3A51DE2C3148D /* Pods_PoliServicesTests.framework */ = {isa = PBXFileReference; explicitFileType = wrapper.framework; includeInIndex = 0; path = Pods_PoliServicesTests.framework; sourceTree = BUILT_PRODUCTS_DIR; };
		9D1CE9DD62A8E30AE182F319 /* Pods-PoliServicesTests.release.xcconfig */ = {isa = PBXFileReference; includeInIndex = 1; lastKnownFileType = text.xcconfig; name = "Pods-PoliServicesTests.release.xcconfig"; path = "Target Support Files/Pods-PoliServicesTests/Pods-PoliServicesTests.release.xcconfig"; sourceTree = "<group>"; };
		A30D833F2950964100A0C205 /* SelectDateViewController.swift */ = {isa = PBXFileReference; lastKnownFileType = sourcecode.swift; path = SelectDateViewController.swift; sourceTree = "<group>"; };
		A30D83402950964100A0C205 /* SelectDateView.swift */ = {isa = PBXFileReference; lastKnownFileType = sourcecode.swift; path = SelectDateView.swift; sourceTree = "<group>"; };
		A30D83412950964100A0C205 /* SelectDateViewModel.swift */ = {isa = PBXFileReference; lastKnownFileType = sourcecode.swift; path = SelectDateViewModel.swift; sourceTree = "<group>"; };
		A30D83492950A35B00A0C205 /* UIColor.swift */ = {isa = PBXFileReference; lastKnownFileType = sourcecode.swift; path = UIColor.swift; sourceTree = "<group>"; };
		A30D834C2950A8B100A0C205 /* ServiceData.swift */ = {isa = PBXFileReference; lastKnownFileType = sourcecode.swift; path = ServiceData.swift; sourceTree = "<group>"; };
		A30D834E2950A90900A0C205 /* Service.swift */ = {isa = PBXFileReference; lastKnownFileType = sourcecode.swift; path = Service.swift; sourceTree = "<group>"; };
		A30D83512950ABDD00A0C205 /* NewServiceViewController.swift */ = {isa = PBXFileReference; lastKnownFileType = sourcecode.swift; path = NewServiceViewController.swift; sourceTree = "<group>"; };
		A30D83522950ABDD00A0C205 /* NewServiceView.swift */ = {isa = PBXFileReference; lastKnownFileType = sourcecode.swift; path = NewServiceView.swift; sourceTree = "<group>"; };
		A30D83532950ABDD00A0C205 /* NewServiceViewModel.swift */ = {isa = PBXFileReference; lastKnownFileType = sourcecode.swift; path = NewServiceViewModel.swift; sourceTree = "<group>"; };
		A30D83582950AE1700A0C205 /* ServiceCollectionViewCell.swift */ = {isa = PBXFileReference; lastKnownFileType = sourcecode.swift; path = ServiceCollectionViewCell.swift; sourceTree = "<group>"; };
		A30D835F2950AEC700A0C205 /* UIImage.swift */ = {isa = PBXFileReference; lastKnownFileType = sourcecode.swift; path = UIImage.swift; sourceTree = "<group>"; };
		A30D83622950CD2500A0C205 /* HomeViewController.swift */ = {isa = PBXFileReference; lastKnownFileType = sourcecode.swift; path = HomeViewController.swift; sourceTree = "<group>"; };
		A30D83632950CD2500A0C205 /* HomeView.swift */ = {isa = PBXFileReference; lastKnownFileType = sourcecode.swift; path = HomeView.swift; sourceTree = "<group>"; };
		A30D83642950CD2500A0C205 /* HomeViewModel.swift */ = {isa = PBXFileReference; lastKnownFileType = sourcecode.swift; path = HomeViewModel.swift; sourceTree = "<group>"; };
		A30D83682950CF7500A0C205 /* InfoView.swift */ = {isa = PBXFileReference; lastKnownFileType = sourcecode.swift; path = InfoView.swift; sourceTree = "<group>"; };
		A30D836B2950D5C300A0C205 /* ServiceView.swift */ = {isa = PBXFileReference; lastKnownFileType = sourcecode.swift; path = ServiceView.swift; sourceTree = "<group>"; };
		A30D83712950EFF500A0C205 /* NextServiceView.swift */ = {isa = PBXFileReference; lastKnownFileType = sourcecode.swift; path = NextServiceView.swift; sourceTree = "<group>"; };
		A3422C2529C502E8002ACBCA /* SelectDateViewModelTests.swift */ = {isa = PBXFileReference; lastKnownFileType = sourcecode.swift; path = SelectDateViewModelTests.swift; sourceTree = "<group>"; };
		A3422C2729C503A8002ACBCA /* NotificationManagerMock.swift */ = {isa = PBXFileReference; lastKnownFileType = sourcecode.swift; path = NotificationManagerMock.swift; sourceTree = "<group>"; };
		A34EB29129C7CA25004DDA87 /* ServiceDetailsViewModelTests.swift */ = {isa = PBXFileReference; lastKnownFileType = sourcecode.swift; path = ServiceDetailsViewModelTests.swift; sourceTree = "<group>"; };
		A34EB29429C7CD43004DDA87 /* ReasonForCancelationViewModelTests.swift */ = {isa = PBXFileReference; lastKnownFileType = sourcecode.swift; path = ReasonForCancelationViewModelTests.swift; sourceTree = "<group>"; };
		A34EB29629C89015004DDA87 /* UserDefaultsMock.swift */ = {isa = PBXFileReference; lastKnownFileType = sourcecode.swift; path = UserDefaultsMock.swift; sourceTree = "<group>"; };
		A34EB29929C8910F004DDA87 /* ServiceDataTests.swift */ = {isa = PBXFileReference; lastKnownFileType = sourcecode.swift; path = ServiceDataTests.swift; sourceTree = "<group>"; };
		A364A8DA2954C1FD007B803E /* ServiceAPIModel.swift */ = {isa = PBXFileReference; lastKnownFileType = sourcecode.swift; path = ServiceAPIModel.swift; sourceTree = "<group>"; };
		A364A8DD2954C3C4007B803E /* ServiceAPIResult.swift */ = {isa = PBXFileReference; lastKnownFileType = sourcecode.swift; path = ServiceAPIResult.swift; sourceTree = "<group>"; };
		A364A8E12954CA70007B803E /* ServiceLayout.swift */ = {isa = PBXFileReference; lastKnownFileType = sourcecode.swift; path = ServiceLayout.swift; sourceTree = "<group>"; };
		A37B962F29C2630B00944414 /* DependencyInjector.swift */ = {isa = PBXFileReference; lastKnownFileType = sourcecode.swift; path = DependencyInjector.swift; sourceTree = "<group>"; };
		A37B963229C287F900944414 /* ServiceMock.swift */ = {isa = PBXFileReference; lastKnownFileType = sourcecode.swift; path = ServiceMock.swift; sourceTree = "<group>"; };
		A37B963529C3C0F700944414 /* NewServiceViewModelTests.swift */ = {isa = PBXFileReference; lastKnownFileType = sourcecode.swift; path = NewServiceViewModelTests.swift; sourceTree = "<group>"; };
		A37B963729C3C36700944414 /* NetworkManagerMock.swift */ = {isa = PBXFileReference; lastKnownFileType = sourcecode.swift; path = NetworkManagerMock.swift; sourceTree = "<group>"; };
		A37ED9752964B938001CF9B1 /* ServiceDetailsViewController.swift */ = {isa = PBXFileReference; lastKnownFileType = sourcecode.swift; path = ServiceDetailsViewController.swift; sourceTree = "<group>"; };
		A37ED9762964B938001CF9B1 /* ServiceDetailsView.swift */ = {isa = PBXFileReference; lastKnownFileType = sourcecode.swift; path = ServiceDetailsView.swift; sourceTree = "<group>"; };
		A37ED9772964B938001CF9B1 /* ServiceDetailsViewModel.swift */ = {isa = PBXFileReference; lastKnownFileType = sourcecode.swift; path = ServiceDetailsViewModel.swift; sourceTree = "<group>"; };
		A37ED97C2965ACDD001CF9B1 /* TimeInterval.swift */ = {isa = PBXFileReference; lastKnownFileType = sourcecode.swift; path = TimeInterval.swift; sourceTree = "<group>"; };
		A37ED9802965F471001CF9B1 /* NotificationManager.swift */ = {isa = PBXFileReference; lastKnownFileType = sourcecode.swift; path = NotificationManager.swift; sourceTree = "<group>"; };
		A37ED98329660A9C001CF9B1 /* NSNotificationName.swift */ = {isa = PBXFileReference; lastKnownFileType = sourcecode.swift; path = NSNotificationName.swift; sourceTree = "<group>"; };
		A37ED98629663FEB001CF9B1 /* ReasonForCancelationViewController.swift */ = {isa = PBXFileReference; lastKnownFileType = sourcecode.swift; path = ReasonForCancelationViewController.swift; sourceTree = "<group>"; };
		A37ED98729663FEB001CF9B1 /* ReasonForCancelationView.swift */ = {isa = PBXFileReference; lastKnownFileType = sourcecode.swift; path = ReasonForCancelationView.swift; sourceTree = "<group>"; };
		A37ED98829663FEB001CF9B1 /* ReasonForCancelationViewModel.swift */ = {isa = PBXFileReference; lastKnownFileType = sourcecode.swift; path = ReasonForCancelationViewModel.swift; sourceTree = "<group>"; };
		A37ED98C296646C7001CF9B1 /* Reason.swift */ = {isa = PBXFileReference; lastKnownFileType = sourcecode.swift; path = Reason.swift; sourceTree = "<group>"; };
		A3886C902969AD150066BA01 /* NotificationIdentifier.swift */ = {isa = PBXFileReference; lastKnownFileType = sourcecode.swift; path = NotificationIdentifier.swift; sourceTree = "<group>"; };
		A3886C922969AE700066BA01 /* String.swift */ = {isa = PBXFileReference; lastKnownFileType = sourcecode.swift; path = String.swift; sourceTree = "<group>"; };
		A38D249E2955E60500B06DF0 /* Int.swift */ = {isa = PBXFileReference; lastKnownFileType = sourcecode.swift; path = Int.swift; sourceTree = "<group>"; };
		A38D24A02956169F00B06DF0 /* Date.swift */ = {isa = PBXFileReference; lastKnownFileType = sourcecode.swift; path = Date.swift; sourceTree = "<group>"; };
		A38D24A2295631B400B06DF0 /* Time.swift */ = {isa = PBXFileReference; lastKnownFileType = sourcecode.swift; path = Time.swift; sourceTree = "<group>"; };
		A3951ECA296C88A400392C7D /* HTTPMethod.swift */ = {isa = PBXFileReference; lastKnownFileType = sourcecode.swift; path = HTTPMethod.swift; sourceTree = "<group>"; };
		A3951ECC296C891A00392C7D /* HTTPTask.swift */ = {isa = PBXFileReference; lastKnownFileType = sourcecode.swift; path = HTTPTask.swift; sourceTree = "<group>"; };
		A3951ECE296C8A2C00392C7D /* EndPointType.swift */ = {isa = PBXFileReference; lastKnownFileType = sourcecode.swift; path = EndPointType.swift; sourceTree = "<group>"; };
		A3951ED1296C8B4600392C7D /* ParameterEncoding.swift */ = {isa = PBXFileReference; lastKnownFileType = sourcecode.swift; path = ParameterEncoding.swift; sourceTree = "<group>"; };
		A3951ED3296C8CCA00392C7D /* NetworkError.swift */ = {isa = PBXFileReference; lastKnownFileType = sourcecode.swift; path = NetworkError.swift; sourceTree = "<group>"; };
		A3951ED5296C8D1B00392C7D /* URLParameterEncoder.swift */ = {isa = PBXFileReference; lastKnownFileType = sourcecode.swift; path = URLParameterEncoder.swift; sourceTree = "<group>"; };
		A3951ED7296C8E7700392C7D /* JSONParameterEncoder.swift */ = {isa = PBXFileReference; lastKnownFileType = sourcecode.swift; path = JSONParameterEncoder.swift; sourceTree = "<group>"; };
		A3951EDB296C8FFA00392C7D /* Router.swift */ = {isa = PBXFileReference; lastKnownFileType = sourcecode.swift; path = Router.swift; sourceTree = "<group>"; };
		A3951EDE296C931300392C7D /* NetworkManager.swift */ = {isa = PBXFileReference; lastKnownFileType = sourcecode.swift; path = NetworkManager.swift; sourceTree = "<group>"; };
		A3951EE6296CACBA00392C7D /* DevPoliServiceEndPoint.swift */ = {isa = PBXFileReference; lastKnownFileType = sourcecode.swift; path = DevPoliServiceEndPoint.swift; sourceTree = "<group>"; };
		A3F3497A29C22A17003E299A /* PoliServicesTests.xctest */ = {isa = PBXFileReference; explicitFileType = wrapper.cfbundle; includeInIndex = 0; path = PoliServicesTests.xctest; sourceTree = BUILT_PRODUCTS_DIR; };
		A3F3498529C22A32003E299A /* HomeViewModelTests.swift */ = {isa = PBXFileReference; lastKnownFileType = sourcecode.swift; path = HomeViewModelTests.swift; sourceTree = "<group>"; };
		A3F3498829C22D85003E299A /* AppContainer.swift */ = {isa = PBXFileReference; lastKnownFileType = sourcecode.swift; path = AppContainer.swift; sourceTree = "<group>"; };
		A3F3498B29C231FD003E299A /* AppContainer.swift */ = {isa = PBXFileReference; lastKnownFileType = sourcecode.swift; path = AppContainer.swift; sourceTree = "<group>"; };
		A3F3498E29C232A1003E299A /* ServiceDataMock.swift */ = {isa = PBXFileReference; lastKnownFileType = sourcecode.swift; path = ServiceDataMock.swift; sourceTree = "<group>"; };
		ABC523E17FA4CCA77053B6BE /* Pods-PoliServices.release.xcconfig */ = {isa = PBXFileReference; includeInIndex = 1; lastKnownFileType = text.xcconfig; name = "Pods-PoliServices.release.xcconfig"; path = "Target Support Files/Pods-PoliServices/Pods-PoliServices.release.xcconfig"; sourceTree = "<group>"; };
		D7422040F579F0F46D325A21 /* Pods-PoliServicesTests.debug.xcconfig */ = {isa = PBXFileReference; includeInIndex = 1; lastKnownFileType = text.xcconfig; name = "Pods-PoliServicesTests.debug.xcconfig"; path = "Target Support Files/Pods-PoliServicesTests/Pods-PoliServicesTests.debug.xcconfig"; sourceTree = "<group>"; };
/* End PBXFileReference section */

/* Begin PBXFrameworksBuildPhase section */
		4C55033E29379F3600699589 /* Frameworks */ = {
			isa = PBXFrameworksBuildPhase;
			buildActionMask = 2147483647;
			files = (
				0D1CFF3A186905974D6F5423 /* Pods_PoliServices.framework in Frameworks */,
			);
			runOnlyForDeploymentPostprocessing = 0;
		};
		A3F3497729C22A17003E299A /* Frameworks */ = {
			isa = PBXFrameworksBuildPhase;
			buildActionMask = 2147483647;
			files = (
				AA8EC10FBA5A1B2419B212CC /* Pods_PoliServicesTests.framework in Frameworks */,
			);
			runOnlyForDeploymentPostprocessing = 0;
		};
/* End PBXFrameworksBuildPhase section */

/* Begin PBXGroup section */
		4C55033829379F3600699589 = {
			isa = PBXGroup;
			children = (
				4C55034329379F3600699589 /* PoliServices */,
				A3F3497B29C22A17003E299A /* PoliServicesTests */,
				4C55034229379F3600699589 /* Products */,
				A9E955BCB4F380CA50B7C9EC /* Pods */,
				F57C9B57ECCA155252331A88 /* Frameworks */,
			);
			sourceTree = "<group>";
		};
		4C55034229379F3600699589 /* Products */ = {
			isa = PBXGroup;
			children = (
				4C55034129379F3600699589 /* PoliServices.app */,
				A3F3497A29C22A17003E299A /* PoliServicesTests.xctest */,
			);
			name = Products;
			sourceTree = "<group>";
		};
		4C55034329379F3600699589 /* PoliServices */ = {
			isa = PBXGroup;
			children = (
				A30D83392950934000A0C205 /* AppDelegate */,
				A30D83572950ADEB00A0C205 /* Components */,
				A37ED97E2965F43A001CF9B1 /* Data */,
				A3F3498729C22D65003E299A /* DI */,
				A3886C8F2969ACF90066BA01 /* Enum */,
				A30D83462950A2A500A0C205 /* Extensions */,
				A37ED9822965FD80001CF9B1 /* Managers */,
				A364A8D72954BDFF007B803E /* Network */,
				A30D833A2950934D00A0C205 /* Resources */,
				A30D833C295094F700A0C205 /* Screens */,
				4C55035229379F3900699589 /* Info.plist */,
			);
			path = PoliServices;
			sourceTree = "<group>";
		};
		A30D83392950934000A0C205 /* AppDelegate */ = {
			isa = PBXGroup;
			children = (
				4C55034429379F3600699589 /* AppDelegate.swift */,
				4C55034629379F3600699589 /* SceneDelegate.swift */,
			);
			path = AppDelegate;
			sourceTree = "<group>";
		};
		A30D833A2950934D00A0C205 /* Resources */ = {
			isa = PBXGroup;
			children = (
				4C55034D29379F3900699589 /* Assets.xcassets */,
				4C55034F29379F3900699589 /* LaunchScreen.storyboard */,
			);
			path = Resources;
			sourceTree = "<group>";
		};
		A30D833C295094F700A0C205 /* Screens */ = {
			isa = PBXGroup;
			children = (
				A30D834B2950A89300A0C205 /* Model */,
				A37ED9742964B928001CF9B1 /* ServiceDetails */,
				A30D83612950CD1900A0C205 /* Home */,
				A30D83502950ABB600A0C205 /* NewService */,
				A30D83452950964600A0C205 /* SelectDate */,
			);
			path = Screens;
			sourceTree = "<group>";
		};
		A30D83452950964600A0C205 /* SelectDate */ = {
			isa = PBXGroup;
			children = (
				A30D833F2950964100A0C205 /* SelectDateViewController.swift */,
				A30D83402950964100A0C205 /* SelectDateView.swift */,
				A30D83412950964100A0C205 /* SelectDateViewModel.swift */,
			);
			path = SelectDate;
			sourceTree = "<group>";
		};
		A30D83462950A2A500A0C205 /* Extensions */ = {
			isa = PBXGroup;
			children = (
				A30D83492950A35B00A0C205 /* UIColor.swift */,
				A30D835F2950AEC700A0C205 /* UIImage.swift */,
				A38D249E2955E60500B06DF0 /* Int.swift */,
				A38D24A02956169F00B06DF0 /* Date.swift */,
				A37ED97C2965ACDD001CF9B1 /* TimeInterval.swift */,
				A37ED98329660A9C001CF9B1 /* NSNotificationName.swift */,
				A3886C922969AE700066BA01 /* String.swift */,
			);
			path = Extensions;
			sourceTree = "<group>";
		};
		A30D834B2950A89300A0C205 /* Model */ = {
			isa = PBXGroup;
			children = (
				A30D834E2950A90900A0C205 /* Service.swift */,
				A364A8E12954CA70007B803E /* ServiceLayout.swift */,
				A38D24A2295631B400B06DF0 /* Time.swift */,
			);
			path = Model;
			sourceTree = "<group>";
		};
		A30D83502950ABB600A0C205 /* NewService */ = {
			isa = PBXGroup;
			children = (
				A30D83512950ABDD00A0C205 /* NewServiceViewController.swift */,
				A30D83522950ABDD00A0C205 /* NewServiceView.swift */,
				A30D83532950ABDD00A0C205 /* NewServiceViewModel.swift */,
			);
			path = NewService;
			sourceTree = "<group>";
		};
		A30D83572950ADEB00A0C205 /* Components */ = {
			isa = PBXGroup;
			children = (
				A30D83582950AE1700A0C205 /* ServiceCollectionViewCell.swift */,
				A30D83682950CF7500A0C205 /* InfoView.swift */,
				A30D836B2950D5C300A0C205 /* ServiceView.swift */,
				A30D83712950EFF500A0C205 /* NextServiceView.swift */,
			);
			path = Components;
			sourceTree = "<group>";
		};
		A30D83612950CD1900A0C205 /* Home */ = {
			isa = PBXGroup;
			children = (
				A30D83622950CD2500A0C205 /* HomeViewController.swift */,
				A30D83632950CD2500A0C205 /* HomeView.swift */,
				A30D83642950CD2500A0C205 /* HomeViewModel.swift */,
			);
			path = Home;
			sourceTree = "<group>";
		};
		A3422C2429C502DA002ACBCA /* SelectDate */ = {
			isa = PBXGroup;
			children = (
				A3422C2529C502E8002ACBCA /* SelectDateViewModelTests.swift */,
			);
			path = SelectDate;
			sourceTree = "<group>";
		};
		A34EB29029C7CA10004DDA87 /* ServiceDetails */ = {
			isa = PBXGroup;
			children = (
				A34EB29329C7CD30004DDA87 /* ReasonForCancelation */,
				A34EB29129C7CA25004DDA87 /* ServiceDetailsViewModelTests.swift */,
			);
			path = ServiceDetails;
			sourceTree = "<group>";
		};
		A34EB29329C7CD30004DDA87 /* ReasonForCancelation */ = {
			isa = PBXGroup;
			children = (
				A34EB29429C7CD43004DDA87 /* ReasonForCancelationViewModelTests.swift */,
			);
			path = ReasonForCancelation;
			sourceTree = "<group>";
		};
		A34EB29829C89103004DDA87 /* Data */ = {
			isa = PBXGroup;
			children = (
				A34EB29929C8910F004DDA87 /* ServiceDataTests.swift */,
			);
			path = Data;
			sourceTree = "<group>";
		};
		A364A8D72954BDFF007B803E /* Network */ = {
			isa = PBXGroup;
			children = (
				A3951ED0296C8B3500392C7D /* Encoding */,
				A3951EE5296CACA500392C7D /* EndPoint */,
				A3951EDD296C930900392C7D /* Manager */,
				A3951EC9296C889500392C7D /* Service */,
				A364A8DC2954C3AD007B803E /* Model */,
			);
			path = Network;
			sourceTree = "<group>";
		};
		A364A8DC2954C3AD007B803E /* Model */ = {
			isa = PBXGroup;
			children = (
				A37ED98C296646C7001CF9B1 /* Reason.swift */,
				A364A8DD2954C3C4007B803E /* ServiceAPIResult.swift */,
				A364A8DA2954C1FD007B803E /* ServiceAPIModel.swift */,
			);
			path = Model;
			sourceTree = "<group>";
		};
		A37B963429C3C0E100944414 /* NewService */ = {
			isa = PBXGroup;
			children = (
				A37B963529C3C0F700944414 /* NewServiceViewModelTests.swift */,
			);
			path = NewService;
			sourceTree = "<group>";
		};
		A37ED9742964B928001CF9B1 /* ServiceDetails */ = {
			isa = PBXGroup;
			children = (
				A37ED98529663FB0001CF9B1 /* ReasonForCancelation */,
				A37ED9752964B938001CF9B1 /* ServiceDetailsViewController.swift */,
				A37ED9762964B938001CF9B1 /* ServiceDetailsView.swift */,
				A37ED9772964B938001CF9B1 /* ServiceDetailsViewModel.swift */,
			);
			path = ServiceDetails;
			sourceTree = "<group>";
		};
		A37ED97E2965F43A001CF9B1 /* Data */ = {
			isa = PBXGroup;
			children = (
				A30D834C2950A8B100A0C205 /* ServiceData.swift */,
			);
			path = Data;
			sourceTree = "<group>";
		};
		A37ED9822965FD80001CF9B1 /* Managers */ = {
			isa = PBXGroup;
			children = (
				A37ED9802965F471001CF9B1 /* NotificationManager.swift */,
			);
			path = Managers;
			sourceTree = "<group>";
		};
		A37ED98529663FB0001CF9B1 /* ReasonForCancelation */ = {
			isa = PBXGroup;
			children = (
				A37ED98629663FEB001CF9B1 /* ReasonForCancelationViewController.swift */,
				A37ED98729663FEB001CF9B1 /* ReasonForCancelationView.swift */,
				A37ED98829663FEB001CF9B1 /* ReasonForCancelationViewModel.swift */,
			);
			path = ReasonForCancelation;
			sourceTree = "<group>";
		};
		A3886C8F2969ACF90066BA01 /* Enum */ = {
			isa = PBXGroup;
			children = (
				A3951ED3296C8CCA00392C7D /* NetworkError.swift */,
				A3886C902969AD150066BA01 /* NotificationIdentifier.swift */,
			);
			path = Enum;
			sourceTree = "<group>";
		};
		A3951EC9296C889500392C7D /* Service */ = {
			isa = PBXGroup;
			children = (
				A3951ECA296C88A400392C7D /* HTTPMethod.swift */,
				A3951ECC296C891A00392C7D /* HTTPTask.swift */,
				A3951ECE296C8A2C00392C7D /* EndPointType.swift */,
				A3951EDB296C8FFA00392C7D /* Router.swift */,
			);
			path = Service;
			sourceTree = "<group>";
		};
		A3951ED0296C8B3500392C7D /* Encoding */ = {
			isa = PBXGroup;
			children = (
				A3951ED1296C8B4600392C7D /* ParameterEncoding.swift */,
				A3951ED5296C8D1B00392C7D /* URLParameterEncoder.swift */,
				A3951ED7296C8E7700392C7D /* JSONParameterEncoder.swift */,
			);
			path = Encoding;
			sourceTree = "<group>";
		};
		A3951EDD296C930900392C7D /* Manager */ = {
			isa = PBXGroup;
			children = (
				A3951EDE296C931300392C7D /* NetworkManager.swift */,
			);
			path = Manager;
			sourceTree = "<group>";
		};
		A3951EE5296CACA500392C7D /* EndPoint */ = {
			isa = PBXGroup;
			children = (
				A3951EE6296CACBA00392C7D /* DevPoliServiceEndPoint.swift */,
			);
			path = EndPoint;
			sourceTree = "<group>";
		};
		A3F3497B29C22A17003E299A /* PoliServicesTests */ = {
			isa = PBXGroup;
			children = (
				A34EB29829C89103004DDA87 /* Data */,
				A3F3498A29C231F1003E299A /* DI */,
				A3F3498D29C23293003E299A /* Mocks */,
				A3F3498329C22A22003E299A /* Screens */,
			);
			path = PoliServicesTests;
			sourceTree = "<group>";
		};
		A3F3498329C22A22003E299A /* Screens */ = {
			isa = PBXGroup;
			children = (
				A34EB29029C7CA10004DDA87 /* ServiceDetails */,
				A3422C2429C502DA002ACBCA /* SelectDate */,
				A37B963429C3C0E100944414 /* NewService */,
				A3F3498429C22A24003E299A /* Home */,
			);
			path = Screens;
			sourceTree = "<group>";
		};
		A3F3498429C22A24003E299A /* Home */ = {
			isa = PBXGroup;
			children = (
				A3F3498529C22A32003E299A /* HomeViewModelTests.swift */,
			);
			path = Home;
			sourceTree = "<group>";
		};
		A3F3498729C22D65003E299A /* DI */ = {
			isa = PBXGroup;
			children = (
				A3F3498829C22D85003E299A /* AppContainer.swift */,
				A37B962F29C2630B00944414 /* DependencyInjector.swift */,
			);
			path = DI;
			sourceTree = "<group>";
		};
		A3F3498A29C231F1003E299A /* DI */ = {
			isa = PBXGroup;
			children = (
				A3F3498B29C231FD003E299A /* AppContainer.swift */,
			);
			path = DI;
			sourceTree = "<group>";
		};
		A3F3498D29C23293003E299A /* Mocks */ = {
			isa = PBXGroup;
			children = (
				A3F3498E29C232A1003E299A /* ServiceDataMock.swift */,
				A37B963229C287F900944414 /* ServiceMock.swift */,
				A37B963729C3C36700944414 /* NetworkManagerMock.swift */,
				A3422C2729C503A8002ACBCA /* NotificationManagerMock.swift */,
				A34EB29629C89015004DDA87 /* UserDefaultsMock.swift */,
			);
			path = Mocks;
			sourceTree = "<group>";
		};
		A9E955BCB4F380CA50B7C9EC /* Pods */ = {
			isa = PBXGroup;
			children = (
				596D28A720706EA7E91E222A /* Pods-PoliServices.debug.xcconfig */,
				ABC523E17FA4CCA77053B6BE /* Pods-PoliServices.release.xcconfig */,
				D7422040F579F0F46D325A21 /* Pods-PoliServicesTests.debug.xcconfig */,
				9D1CE9DD62A8E30AE182F319 /* Pods-PoliServicesTests.release.xcconfig */,
			);
			path = Pods;
			sourceTree = "<group>";
		};
		F57C9B57ECCA155252331A88 /* Frameworks */ = {
			isa = PBXGroup;
			children = (
				443085F77B7B3BA2783D0A39 /* Pods_PoliServices.framework */,
				9A4BA796FDD3A51DE2C3148D /* Pods_PoliServicesTests.framework */,
			);
			name = Frameworks;
			sourceTree = "<group>";
		};
/* End PBXGroup section */

/* Begin PBXNativeTarget section */
		4C55034029379F3600699589 /* PoliServices */ = {
			isa = PBXNativeTarget;
			buildConfigurationList = 4C55035529379F3900699589 /* Build configuration list for PBXNativeTarget "PoliServices" */;
			buildPhases = (
				FB7ED97B1323097E77122203 /* [CP] Check Pods Manifest.lock */,
				4C55033D29379F3600699589 /* Sources */,
				4C55033E29379F3600699589 /* Frameworks */,
				4C55033F29379F3600699589 /* Resources */,
				F8EDF91A42A943E28AF5AA8B /* [CP] Embed Pods Frameworks */,
			);
			buildRules = (
			);
			dependencies = (
			);
			name = PoliServices;
			productName = PoliServices;
			productReference = 4C55034129379F3600699589 /* PoliServices.app */;
			productType = "com.apple.product-type.application";
		};
		A3F3497929C22A17003E299A /* PoliServicesTests */ = {
			isa = PBXNativeTarget;
			buildConfigurationList = A3F3498229C22A17003E299A /* Build configuration list for PBXNativeTarget "PoliServicesTests" */;
			buildPhases = (
				604A69AF7099A7D792741CE5 /* [CP] Check Pods Manifest.lock */,
				A3F3497629C22A17003E299A /* Sources */,
				A3F3497729C22A17003E299A /* Frameworks */,
				A3F3497829C22A17003E299A /* Resources */,
				46F6DC1DBDA28ACA36B6AD51 /* [CP] Embed Pods Frameworks */,
			);
			buildRules = (
			);
			dependencies = (
				A3F3497F29C22A17003E299A /* PBXTargetDependency */,
			);
			name = PoliServicesTests;
			productName = PoliServicesTests;
			productReference = A3F3497A29C22A17003E299A /* PoliServicesTests.xctest */;
			productType = "com.apple.product-type.bundle.unit-test";
		};
/* End PBXNativeTarget section */

/* Begin PBXProject section */
		4C55033929379F3600699589 /* Project object */ = {
			isa = PBXProject;
			attributes = {
				BuildIndependentTargetsInParallel = 1;
				LastSwiftUpdateCheck = 1420;
				LastUpgradeCheck = 1330;
				TargetAttributes = {
					4C55034029379F3600699589 = {
						CreatedOnToolsVersion = 13.3;
						LastSwiftMigration = 1410;
					};
					A3F3497929C22A17003E299A = {
						CreatedOnToolsVersion = 14.2;
						LastSwiftMigration = 1420;
						TestTargetID = 4C55034029379F3600699589;
					};
				};
			};
			buildConfigurationList = 4C55033C29379F3600699589 /* Build configuration list for PBXProject "PoliServices" */;
			compatibilityVersion = "Xcode 13.0";
			developmentRegion = en;
			hasScannedForEncodings = 0;
			knownRegions = (
				en,
				Base,
			);
			mainGroup = 4C55033829379F3600699589;
			productRefGroup = 4C55034229379F3600699589 /* Products */;
			projectDirPath = "";
			projectRoot = "";
			targets = (
				4C55034029379F3600699589 /* PoliServices */,
				A3F3497929C22A17003E299A /* PoliServicesTests */,
			);
		};
/* End PBXProject section */

/* Begin PBXResourcesBuildPhase section */
		4C55033F29379F3600699589 /* Resources */ = {
			isa = PBXResourcesBuildPhase;
			buildActionMask = 2147483647;
			files = (
				4C55035129379F3900699589 /* LaunchScreen.storyboard in Resources */,
				4C55034E29379F3900699589 /* Assets.xcassets in Resources */,
			);
			runOnlyForDeploymentPostprocessing = 0;
		};
		A3F3497829C22A17003E299A /* Resources */ = {
			isa = PBXResourcesBuildPhase;
			buildActionMask = 2147483647;
			files = (
			);
			runOnlyForDeploymentPostprocessing = 0;
		};
/* End PBXResourcesBuildPhase section */

/* Begin PBXShellScriptBuildPhase section */
		46F6DC1DBDA28ACA36B6AD51 /* [CP] Embed Pods Frameworks */ = {
			isa = PBXShellScriptBuildPhase;
			buildActionMask = 2147483647;
			files = (
			);
			inputFileListPaths = (
				"${PODS_ROOT}/Target Support Files/Pods-PoliServicesTests/Pods-PoliServicesTests-frameworks-${CONFIGURATION}-input-files.xcfilelist",
			);
			name = "[CP] Embed Pods Frameworks";
			outputFileListPaths = (
				"${PODS_ROOT}/Target Support Files/Pods-PoliServicesTests/Pods-PoliServicesTests-frameworks-${CONFIGURATION}-output-files.xcfilelist",
			);
			runOnlyForDeploymentPostprocessing = 0;
			shellPath = /bin/sh;
			shellScript = "\"${PODS_ROOT}/Target Support Files/Pods-PoliServicesTests/Pods-PoliServicesTests-frameworks.sh\"\n";
			showEnvVarsInLog = 0;
		};
		604A69AF7099A7D792741CE5 /* [CP] Check Pods Manifest.lock */ = {
			isa = PBXShellScriptBuildPhase;
			buildActionMask = 2147483647;
			files = (
			);
			inputFileListPaths = (
			);
			inputPaths = (
				"${PODS_PODFILE_DIR_PATH}/Podfile.lock",
				"${PODS_ROOT}/Manifest.lock",
			);
			name = "[CP] Check Pods Manifest.lock";
			outputFileListPaths = (
			);
			outputPaths = (
				"$(DERIVED_FILE_DIR)/Pods-PoliServicesTests-checkManifestLockResult.txt",
			);
			runOnlyForDeploymentPostprocessing = 0;
			shellPath = /bin/sh;
			shellScript = "diff \"${PODS_PODFILE_DIR_PATH}/Podfile.lock\" \"${PODS_ROOT}/Manifest.lock\" > /dev/null\nif [ $? != 0 ] ; then\n    # print error to STDERR\n    echo \"error: The sandbox is not in sync with the Podfile.lock. Run 'pod install' or update your CocoaPods installation.\" >&2\n    exit 1\nfi\n# This output is used by Xcode 'outputs' to avoid re-running this script phase.\necho \"SUCCESS\" > \"${SCRIPT_OUTPUT_FILE_0}\"\n";
			showEnvVarsInLog = 0;
		};
		F8EDF91A42A943E28AF5AA8B /* [CP] Embed Pods Frameworks */ = {
			isa = PBXShellScriptBuildPhase;
			buildActionMask = 2147483647;
			files = (
			);
			inputFileListPaths = (
				"${PODS_ROOT}/Target Support Files/Pods-PoliServices/Pods-PoliServices-frameworks-${CONFIGURATION}-input-files.xcfilelist",
			);
			name = "[CP] Embed Pods Frameworks";
			outputFileListPaths = (
				"${PODS_ROOT}/Target Support Files/Pods-PoliServices/Pods-PoliServices-frameworks-${CONFIGURATION}-output-files.xcfilelist",
			);
			runOnlyForDeploymentPostprocessing = 0;
			shellPath = /bin/sh;
			shellScript = "\"${PODS_ROOT}/Target Support Files/Pods-PoliServices/Pods-PoliServices-frameworks.sh\"\n";
			showEnvVarsInLog = 0;
		};
		FB7ED97B1323097E77122203 /* [CP] Check Pods Manifest.lock */ = {
			isa = PBXShellScriptBuildPhase;
			buildActionMask = 2147483647;
			files = (
			);
			inputFileListPaths = (
			);
			inputPaths = (
				"${PODS_PODFILE_DIR_PATH}/Podfile.lock",
				"${PODS_ROOT}/Manifest.lock",
			);
			name = "[CP] Check Pods Manifest.lock";
			outputFileListPaths = (
			);
			outputPaths = (
				"$(DERIVED_FILE_DIR)/Pods-PoliServices-checkManifestLockResult.txt",
			);
			runOnlyForDeploymentPostprocessing = 0;
			shellPath = /bin/sh;
			shellScript = "diff \"${PODS_PODFILE_DIR_PATH}/Podfile.lock\" \"${PODS_ROOT}/Manifest.lock\" > /dev/null\nif [ $? != 0 ] ; then\n    # print error to STDERR\n    echo \"error: The sandbox is not in sync with the Podfile.lock. Run 'pod install' or update your CocoaPods installation.\" >&2\n    exit 1\nfi\n# This output is used by Xcode 'outputs' to avoid re-running this script phase.\necho \"SUCCESS\" > \"${SCRIPT_OUTPUT_FILE_0}\"\n";
			showEnvVarsInLog = 0;
		};
/* End PBXShellScriptBuildPhase section */

/* Begin PBXSourcesBuildPhase section */
		4C55033D29379F3600699589 /* Sources */ = {
			isa = PBXSourcesBuildPhase;
			buildActionMask = 2147483647;
			files = (
				A3951ED2296C8B4600392C7D /* ParameterEncoding.swift in Sources */,
				A3886C932969AE700066BA01 /* String.swift in Sources */,
				A364A8DE2954C3C4007B803E /* ServiceAPIResult.swift in Sources */,
				A37ED97D2965ACDD001CF9B1 /* TimeInterval.swift in Sources */,
				A37ED98A29663FEB001CF9B1 /* ReasonForCancelationView.swift in Sources */,
				A3951ED8296C8E7700392C7D /* JSONParameterEncoder.swift in Sources */,
				A37ED98D296646C7001CF9B1 /* Reason.swift in Sources */,
				A30D83562950ABDD00A0C205 /* NewServiceViewModel.swift in Sources */,
				A30D83672950CD2500A0C205 /* HomeViewModel.swift in Sources */,
				A364A8E22954CA70007B803E /* ServiceLayout.swift in Sources */,
				A30D83442950964100A0C205 /* SelectDateViewModel.swift in Sources */,
				A3951ECF296C8A2C00392C7D /* EndPointType.swift in Sources */,
				A30D83542950ABDD00A0C205 /* NewServiceViewController.swift in Sources */,
				A3951ED6296C8D1B00392C7D /* URLParameterEncoder.swift in Sources */,
				A37ED9812965F471001CF9B1 /* NotificationManager.swift in Sources */,
				A30D834D2950A8B100A0C205 /* ServiceData.swift in Sources */,
				A30D83692950CF7500A0C205 /* InfoView.swift in Sources */,
				A3F3498929C22D85003E299A /* AppContainer.swift in Sources */,
				A30D83662950CD2500A0C205 /* HomeView.swift in Sources */,
				A38D24A12956169F00B06DF0 /* Date.swift in Sources */,
				A30D83422950964100A0C205 /* SelectDateViewController.swift in Sources */,
				A30D834F2950A90900A0C205 /* Service.swift in Sources */,
				A37B963029C2630B00944414 /* DependencyInjector.swift in Sources */,
				A3951EE7296CACBA00392C7D /* DevPoliServiceEndPoint.swift in Sources */,
				A30D83432950964100A0C205 /* SelectDateView.swift in Sources */,
				A37ED98B29663FEB001CF9B1 /* ReasonForCancelationViewModel.swift in Sources */,
				A38D24A3295631B400B06DF0 /* Time.swift in Sources */,
				A364A8DB2954C1FD007B803E /* ServiceAPIModel.swift in Sources */,
				4C55034529379F3600699589 /* AppDelegate.swift in Sources */,
				A3951ECB296C88A400392C7D /* HTTPMethod.swift in Sources */,
				A37ED9782964B938001CF9B1 /* ServiceDetailsViewController.swift in Sources */,
				A30D83592950AE1700A0C205 /* ServiceCollectionViewCell.swift in Sources */,
				A38D249F2955E60500B06DF0 /* Int.swift in Sources */,
				A3951EDC296C8FFA00392C7D /* Router.swift in Sources */,
				A30D83652950CD2500A0C205 /* HomeViewController.swift in Sources */,
				A37ED9792964B938001CF9B1 /* ServiceDetailsView.swift in Sources */,
				A37ED97A2964B938001CF9B1 /* ServiceDetailsViewModel.swift in Sources */,
				A3951EDF296C931300392C7D /* NetworkManager.swift in Sources */,
				A3951ED4296C8CCA00392C7D /* NetworkError.swift in Sources */,
				4C55034729379F3600699589 /* SceneDelegate.swift in Sources */,
				A3886C912969AD150066BA01 /* NotificationIdentifier.swift in Sources */,
				A30D83742950EFF500A0C205 /* NextServiceView.swift in Sources */,
				A30D836E2950D5C300A0C205 /* ServiceView.swift in Sources */,
				A37ED98429660A9C001CF9B1 /* NSNotificationName.swift in Sources */,
				A30D83602950AEC700A0C205 /* UIImage.swift in Sources */,
				A3951ECD296C891A00392C7D /* HTTPTask.swift in Sources */,
				A30D834A2950A35B00A0C205 /* UIColor.swift in Sources */,
				A37ED98929663FEB001CF9B1 /* ReasonForCancelationViewController.swift in Sources */,
				A30D83552950ABDD00A0C205 /* NewServiceView.swift in Sources */,
			);
			runOnlyForDeploymentPostprocessing = 0;
		};
		A3F3497629C22A17003E299A /* Sources */ = {
			isa = PBXSourcesBuildPhase;
			buildActionMask = 2147483647;
			files = (
				A37B963629C3C0F700944414 /* NewServiceViewModelTests.swift in Sources */,
				A3F3498629C22A32003E299A /* HomeViewModelTests.swift in Sources */,
				A34EB29729C89015004DDA87 /* UserDefaultsMock.swift in Sources */,
				A37B963829C3C36700944414 /* NetworkManagerMock.swift in Sources */,
				A34EB29229C7CA25004DDA87 /* ServiceDetailsViewModelTests.swift in Sources */,
				A3F3498C29C231FD003E299A /* AppContainer.swift in Sources */,
				A3422C2829C503A8002ACBCA /* NotificationManagerMock.swift in Sources */,
				A34EB29A29C8910F004DDA87 /* ServiceDataTests.swift in Sources */,
				A34EB29529C7CD43004DDA87 /* ReasonForCancelationViewModelTests.swift in Sources */,
				A3F3498F29C232A1003E299A /* ServiceDataMock.swift in Sources */,
				A3422C2629C502E8002ACBCA /* SelectDateViewModelTests.swift in Sources */,
				A37B963329C287F900944414 /* ServiceMock.swift in Sources */,
			);
			runOnlyForDeploymentPostprocessing = 0;
		};
/* End PBXSourcesBuildPhase section */

/* Begin PBXTargetDependency section */
		A3F3497F29C22A17003E299A /* PBXTargetDependency */ = {
			isa = PBXTargetDependency;
			target = 4C55034029379F3600699589 /* PoliServices */;
			targetProxy = A3F3497E29C22A17003E299A /* PBXContainerItemProxy */;
		};
/* End PBXTargetDependency section */

/* Begin PBXVariantGroup section */
		4C55034F29379F3900699589 /* LaunchScreen.storyboard */ = {
			isa = PBXVariantGroup;
			children = (
				4C55035029379F3900699589 /* Base */,
			);
			name = LaunchScreen.storyboard;
			sourceTree = "<group>";
		};
/* End PBXVariantGroup section */

/* Begin XCBuildConfiguration section */
		4C55035329379F3900699589 /* Debug */ = {
			isa = XCBuildConfiguration;
			buildSettings = {
				ALWAYS_SEARCH_USER_PATHS = NO;
				CLANG_ANALYZER_NONNULL = YES;
				CLANG_ANALYZER_NUMBER_OBJECT_CONVERSION = YES_AGGRESSIVE;
				CLANG_CXX_LANGUAGE_STANDARD = "gnu++17";
				CLANG_ENABLE_MODULES = YES;
				CLANG_ENABLE_OBJC_ARC = YES;
				CLANG_ENABLE_OBJC_WEAK = YES;
				CLANG_WARN_BLOCK_CAPTURE_AUTORELEASING = YES;
				CLANG_WARN_BOOL_CONVERSION = YES;
				CLANG_WARN_COMMA = YES;
				CLANG_WARN_CONSTANT_CONVERSION = YES;
				CLANG_WARN_DEPRECATED_OBJC_IMPLEMENTATIONS = YES;
				CLANG_WARN_DIRECT_OBJC_ISA_USAGE = YES_ERROR;
				CLANG_WARN_DOCUMENTATION_COMMENTS = YES;
				CLANG_WARN_EMPTY_BODY = YES;
				CLANG_WARN_ENUM_CONVERSION = YES;
				CLANG_WARN_INFINITE_RECURSION = YES;
				CLANG_WARN_INT_CONVERSION = YES;
				CLANG_WARN_NON_LITERAL_NULL_CONVERSION = YES;
				CLANG_WARN_OBJC_IMPLICIT_RETAIN_SELF = YES;
				CLANG_WARN_OBJC_LITERAL_CONVERSION = YES;
				CLANG_WARN_OBJC_ROOT_CLASS = YES_ERROR;
				CLANG_WARN_QUOTED_INCLUDE_IN_FRAMEWORK_HEADER = YES;
				CLANG_WARN_RANGE_LOOP_ANALYSIS = YES;
				CLANG_WARN_STRICT_PROTOTYPES = YES;
				CLANG_WARN_SUSPICIOUS_MOVE = YES;
				CLANG_WARN_UNGUARDED_AVAILABILITY = YES_AGGRESSIVE;
				CLANG_WARN_UNREACHABLE_CODE = YES;
				CLANG_WARN__DUPLICATE_METHOD_MATCH = YES;
				COPY_PHASE_STRIP = NO;
				DEBUG_INFORMATION_FORMAT = dwarf;
				ENABLE_STRICT_OBJC_MSGSEND = YES;
				ENABLE_TESTABILITY = YES;
				GCC_C_LANGUAGE_STANDARD = gnu11;
				GCC_DYNAMIC_NO_PIC = NO;
				GCC_NO_COMMON_BLOCKS = YES;
				GCC_OPTIMIZATION_LEVEL = 0;
				GCC_PREPROCESSOR_DEFINITIONS = (
					"DEBUG=1",
					"$(inherited)",
				);
				GCC_WARN_64_TO_32_BIT_CONVERSION = YES;
				GCC_WARN_ABOUT_RETURN_TYPE = YES_ERROR;
				GCC_WARN_UNDECLARED_SELECTOR = YES;
				GCC_WARN_UNINITIALIZED_AUTOS = YES_AGGRESSIVE;
				GCC_WARN_UNUSED_FUNCTION = YES;
				GCC_WARN_UNUSED_VARIABLE = YES;
				IPHONEOS_DEPLOYMENT_TARGET = 12.4;
				MTL_ENABLE_DEBUG_INFO = INCLUDE_SOURCE;
				MTL_FAST_MATH = YES;
				ONLY_ACTIVE_ARCH = YES;
				SDKROOT = iphoneos;
				SWIFT_ACTIVE_COMPILATION_CONDITIONS = DEBUG;
				SWIFT_OPTIMIZATION_LEVEL = "-Onone";
			};
			name = Debug;
		};
		4C55035429379F3900699589 /* Release */ = {
			isa = XCBuildConfiguration;
			buildSettings = {
				ALWAYS_SEARCH_USER_PATHS = NO;
				CLANG_ANALYZER_NONNULL = YES;
				CLANG_ANALYZER_NUMBER_OBJECT_CONVERSION = YES_AGGRESSIVE;
				CLANG_CXX_LANGUAGE_STANDARD = "gnu++17";
				CLANG_ENABLE_MODULES = YES;
				CLANG_ENABLE_OBJC_ARC = YES;
				CLANG_ENABLE_OBJC_WEAK = YES;
				CLANG_WARN_BLOCK_CAPTURE_AUTORELEASING = YES;
				CLANG_WARN_BOOL_CONVERSION = YES;
				CLANG_WARN_COMMA = YES;
				CLANG_WARN_CONSTANT_CONVERSION = YES;
				CLANG_WARN_DEPRECATED_OBJC_IMPLEMENTATIONS = YES;
				CLANG_WARN_DIRECT_OBJC_ISA_USAGE = YES_ERROR;
				CLANG_WARN_DOCUMENTATION_COMMENTS = YES;
				CLANG_WARN_EMPTY_BODY = YES;
				CLANG_WARN_ENUM_CONVERSION = YES;
				CLANG_WARN_INFINITE_RECURSION = YES;
				CLANG_WARN_INT_CONVERSION = YES;
				CLANG_WARN_NON_LITERAL_NULL_CONVERSION = YES;
				CLANG_WARN_OBJC_IMPLICIT_RETAIN_SELF = YES;
				CLANG_WARN_OBJC_LITERAL_CONVERSION = YES;
				CLANG_WARN_OBJC_ROOT_CLASS = YES_ERROR;
				CLANG_WARN_QUOTED_INCLUDE_IN_FRAMEWORK_HEADER = YES;
				CLANG_WARN_RANGE_LOOP_ANALYSIS = YES;
				CLANG_WARN_STRICT_PROTOTYPES = YES;
				CLANG_WARN_SUSPICIOUS_MOVE = YES;
				CLANG_WARN_UNGUARDED_AVAILABILITY = YES_AGGRESSIVE;
				CLANG_WARN_UNREACHABLE_CODE = YES;
				CLANG_WARN__DUPLICATE_METHOD_MATCH = YES;
				COPY_PHASE_STRIP = NO;
				DEBUG_INFORMATION_FORMAT = "dwarf-with-dsym";
				ENABLE_NS_ASSERTIONS = NO;
				ENABLE_STRICT_OBJC_MSGSEND = YES;
				GCC_C_LANGUAGE_STANDARD = gnu11;
				GCC_NO_COMMON_BLOCKS = YES;
				GCC_WARN_64_TO_32_BIT_CONVERSION = YES;
				GCC_WARN_ABOUT_RETURN_TYPE = YES_ERROR;
				GCC_WARN_UNDECLARED_SELECTOR = YES;
				GCC_WARN_UNINITIALIZED_AUTOS = YES_AGGRESSIVE;
				GCC_WARN_UNUSED_FUNCTION = YES;
				GCC_WARN_UNUSED_VARIABLE = YES;
				IPHONEOS_DEPLOYMENT_TARGET = 12.4;
				MTL_ENABLE_DEBUG_INFO = NO;
				MTL_FAST_MATH = YES;
				SDKROOT = iphoneos;
				SWIFT_COMPILATION_MODE = wholemodule;
				SWIFT_OPTIMIZATION_LEVEL = "-O";
				VALIDATE_PRODUCT = YES;
			};
			name = Release;
		};
		4C55035629379F3900699589 /* Debug */ = {
			isa = XCBuildConfiguration;
			baseConfigurationReference = 596D28A720706EA7E91E222A /* Pods-PoliServices.debug.xcconfig */;
			buildSettings = {
				ASSETCATALOG_COMPILER_APPICON_NAME = AppIcon;
				ASSETCATALOG_COMPILER_GLOBAL_ACCENT_COLOR_NAME = AccentColor;
				CLANG_ENABLE_MODULES = YES;
				CODE_SIGN_STYLE = Automatic;
				CURRENT_PROJECT_VERSION = 1;
				DEVELOPMENT_TEAM = GM2YUUZ32A;
				GENERATE_INFOPLIST_FILE = YES;
				INFOPLIST_FILE = PoliServices/Info.plist;
				INFOPLIST_KEY_CFBundleDisplayName = "Poli Services";
				INFOPLIST_KEY_UIApplicationSupportsIndirectInputEvents = YES;
				INFOPLIST_KEY_UILaunchStoryboardName = LaunchScreen.storyboard;
				INFOPLIST_KEY_UIStatusBarStyle = UIStatusBarStyleLightContent;
				INFOPLIST_KEY_UISupportedInterfaceOrientations = UIInterfaceOrientationPortrait;
				INFOPLIST_KEY_UIUserInterfaceStyle = Light;
				IPHONEOS_DEPLOYMENT_TARGET = 16.0;
				LD_RUNPATH_SEARCH_PATHS = (
					"$(inherited)",
					"@executable_path/Frameworks",
				);
				MARKETING_VERSION = 1.0;
				PRODUCT_BUNDLE_IDENTIFIER = com.devpoli.PoliServices;
				PRODUCT_NAME = "$(TARGET_NAME)";
				SWIFT_EMIT_LOC_STRINGS = YES;
				SWIFT_OBJC_BRIDGING_HEADER = "";
				SWIFT_OPTIMIZATION_LEVEL = "-Onone";
				SWIFT_VERSION = 5.0;
				TARGETED_DEVICE_FAMILY = "1,2";
			};
			name = Debug;
		};
		4C55035729379F3900699589 /* Release */ = {
			isa = XCBuildConfiguration;
			baseConfigurationReference = ABC523E17FA4CCA77053B6BE /* Pods-PoliServices.release.xcconfig */;
			buildSettings = {
				ASSETCATALOG_COMPILER_APPICON_NAME = AppIcon;
				ASSETCATALOG_COMPILER_GLOBAL_ACCENT_COLOR_NAME = AccentColor;
				CLANG_ENABLE_MODULES = YES;
				CODE_SIGN_STYLE = Automatic;
				CURRENT_PROJECT_VERSION = 1;
				DEVELOPMENT_TEAM = GM2YUUZ32A;
				GENERATE_INFOPLIST_FILE = YES;
				INFOPLIST_FILE = PoliServices/Info.plist;
				INFOPLIST_KEY_CFBundleDisplayName = "Poli Services";
				INFOPLIST_KEY_UIApplicationSupportsIndirectInputEvents = YES;
				INFOPLIST_KEY_UILaunchStoryboardName = LaunchScreen.storyboard;
				INFOPLIST_KEY_UIStatusBarStyle = UIStatusBarStyleLightContent;
				INFOPLIST_KEY_UISupportedInterfaceOrientations = UIInterfaceOrientationPortrait;
				INFOPLIST_KEY_UIUserInterfaceStyle = Light;
				IPHONEOS_DEPLOYMENT_TARGET = 16.0;
				LD_RUNPATH_SEARCH_PATHS = (
					"$(inherited)",
					"@executable_path/Frameworks",
				);
				MARKETING_VERSION = 1.0;
				PRODUCT_BUNDLE_IDENTIFIER = com.devpoli.PoliServices;
				PRODUCT_NAME = "$(TARGET_NAME)";
				SWIFT_EMIT_LOC_STRINGS = YES;
				SWIFT_OBJC_BRIDGING_HEADER = "";
				SWIFT_VERSION = 5.0;
				TARGETED_DEVICE_FAMILY = "1,2";
			};
			name = Release;
		};
		A3F3498029C22A17003E299A /* Debug */ = {
			isa = XCBuildConfiguration;
			baseConfigurationReference = D7422040F579F0F46D325A21 /* Pods-PoliServicesTests.debug.xcconfig */;
			buildSettings = {
				BUNDLE_LOADER = "$(TEST_HOST)";
				CLANG_CXX_LANGUAGE_STANDARD = "gnu++20";
				CLANG_ENABLE_MODULES = YES;
				CODE_SIGN_STYLE = Automatic;
				CURRENT_PROJECT_VERSION = 1;
				DEVELOPMENT_TEAM = GM2YUUZ32A;
				GENERATE_INFOPLIST_FILE = YES;
				IPHONEOS_DEPLOYMENT_TARGET = 16.2;
				LD_RUNPATH_SEARCH_PATHS = (
					"$(inherited)",
					"@executable_path/Frameworks",
					"@loader_path/Frameworks",
				);
				MARKETING_VERSION = 1.0;
				PRODUCT_BUNDLE_IDENTIFIER = br.com.simim.PoliServicesTests;
				PRODUCT_NAME = "$(TARGET_NAME)";
				SWIFT_EMIT_LOC_STRINGS = NO;
				SWIFT_OPTIMIZATION_LEVEL = "-Onone";
				SWIFT_VERSION = 5.0;
				TARGETED_DEVICE_FAMILY = "1,2";
				TEST_HOST = "$(BUILT_PRODUCTS_DIR)/PoliServices.app/$(BUNDLE_EXECUTABLE_FOLDER_PATH)/PoliServices";
			};
			name = Debug;
		};
		A3F3498129C22A17003E299A /* Release */ = {
			isa = XCBuildConfiguration;
			baseConfigurationReference = 9D1CE9DD62A8E30AE182F319 /* Pods-PoliServicesTests.release.xcconfig */;
			buildSettings = {
				BUNDLE_LOADER = "$(TEST_HOST)";
				CLANG_CXX_LANGUAGE_STANDARD = "gnu++20";
				CLANG_ENABLE_MODULES = YES;
				CODE_SIGN_STYLE = Automatic;
				CURRENT_PROJECT_VERSION = 1;
				DEVELOPMENT_TEAM = GM2YUUZ32A;
				GENERATE_INFOPLIST_FILE = YES;
				IPHONEOS_DEPLOYMENT_TARGET = 16.2;
				LD_RUNPATH_SEARCH_PATHS = (
					"$(inherited)",
					"@executable_path/Frameworks",
					"@loader_path/Frameworks",
				);
				MARKETING_VERSION = 1.0;
				PRODUCT_BUNDLE_IDENTIFIER = br.com.simim.PoliServicesTests;
				PRODUCT_NAME = "$(TARGET_NAME)";
				SWIFT_EMIT_LOC_STRINGS = NO;
				SWIFT_VERSION = 5.0;
				TARGETED_DEVICE_FAMILY = "1,2";
				TEST_HOST = "$(BUILT_PRODUCTS_DIR)/PoliServices.app/$(BUNDLE_EXECUTABLE_FOLDER_PATH)/PoliServices";
			};
			name = Release;
		};
/* End XCBuildConfiguration section */

/* Begin XCConfigurationList section */
		4C55033C29379F3600699589 /* Build configuration list for PBXProject "PoliServices" */ = {
			isa = XCConfigurationList;
			buildConfigurations = (
				4C55035329379F3900699589 /* Debug */,
				4C55035429379F3900699589 /* Release */,
			);
			defaultConfigurationIsVisible = 0;
			defaultConfigurationName = Release;
		};
		4C55035529379F3900699589 /* Build configuration list for PBXNativeTarget "PoliServices" */ = {
			isa = XCConfigurationList;
			buildConfigurations = (
				4C55035629379F3900699589 /* Debug */,
				4C55035729379F3900699589 /* Release */,
			);
			defaultConfigurationIsVisible = 0;
			defaultConfigurationName = Release;
		};
		A3F3498229C22A17003E299A /* Build configuration list for PBXNativeTarget "PoliServicesTests" */ = {
			isa = XCConfigurationList;
			buildConfigurations = (
				A3F3498029C22A17003E299A /* Debug */,
				A3F3498129C22A17003E299A /* Release */,
			);
			defaultConfigurationIsVisible = 0;
			defaultConfigurationName = Release;
		};
/* End XCConfigurationList section */
	};
	rootObject = 4C55033929379F3600699589 /* Project object */;
}
