// !$*UTF8*$!
{
	archiveVersion = 1;
	classes = {
	};
	objectVersion = 55;
	objects = {

/* Begin PBXBuildFile section */
		4C55034529379F3600699589 /* AppDelegate.swift in Sources */ = {isa = PBXBuildFile; fileRef = 4C55034429379F3600699589 /* AppDelegate.swift */; };
		4C55034729379F3600699589 /* SceneDelegate.swift in Sources */ = {isa = PBXBuildFile; fileRef = 4C55034629379F3600699589 /* SceneDelegate.swift */; };
		4C55034E29379F3900699589 /* Assets.xcassets in Resources */ = {isa = PBXBuildFile; fileRef = 4C55034D29379F3900699589 /* Assets.xcassets */; };
		4C55035129379F3900699589 /* LaunchScreen.storyboard in Resources */ = {isa = PBXBuildFile; fileRef = 4C55034F29379F3900699589 /* LaunchScreen.storyboard */; };
		A30D83422950964100A0C205 /* SelectDateViewController.swift in Sources */ = {isa = PBXBuildFile; fileRef = A30D833F2950964100A0C205 /* SelectDateViewController.swift */; };
		A30D83432950964100A0C205 /* SelectDateView.swift in Sources */ = {isa = PBXBuildFile; fileRef = A30D83402950964100A0C205 /* SelectDateView.swift */; };
		A30D83442950964100A0C205 /* SelectDateViewModel.swift in Sources */ = {isa = PBXBuildFile; fileRef = A30D83412950964100A0C205 /* SelectDateViewModel.swift */; };
		A30D834A2950A35B00A0C205 /* UIColor.swift in Sources */ = {isa = PBXBuildFile; fileRef = A30D83492950A35B00A0C205 /* UIColor.swift */; };
		A30D834D2950A8B100A0C205 /* ServiceData.swift in Sources */ = {isa = PBXBuildFile; fileRef = A30D834C2950A8B100A0C205 /* ServiceData.swift */; };
		A30D834F2950A90900A0C205 /* Service.swift in Sources */ = {isa = PBXBuildFile; fileRef = A30D834E2950A90900A0C205 /* Service.swift */; };
		A30D83542950ABDD00A0C205 /* NewServiceViewController.swift in Sources */ = {isa = PBXBuildFile; fileRef = A30D83512950ABDD00A0C205 /* NewServiceViewController.swift */; };
		A30D83552950ABDD00A0C205 /* NewServiceView.swift in Sources */ = {isa = PBXBuildFile; fileRef = A30D83522950ABDD00A0C205 /* NewServiceView.swift */; };
		A30D83562950ABDD00A0C205 /* NewServiceViewModel.swift in Sources */ = {isa = PBXBuildFile; fileRef = A30D83532950ABDD00A0C205 /* NewServiceViewModel.swift */; };
		A30D83592950AE1700A0C205 /* ServiceCollectionViewCell.swift in Sources */ = {isa = PBXBuildFile; fileRef = A30D83582950AE1700A0C205 /* ServiceCollectionViewCell.swift */; };
		A30D83602950AEC700A0C205 /* UIImage.swift in Sources */ = {isa = PBXBuildFile; fileRef = A30D835F2950AEC700A0C205 /* UIImage.swift */; };
		A30D83652950CD2500A0C205 /* HomeViewController.swift in Sources */ = {isa = PBXBuildFile; fileRef = A30D83622950CD2500A0C205 /* HomeViewController.swift */; };
		A30D83662950CD2500A0C205 /* HomeView.swift in Sources */ = {isa = PBXBuildFile; fileRef = A30D83632950CD2500A0C205 /* HomeView.swift */; };
		A30D83672950CD2500A0C205 /* HomeViewModel.swift in Sources */ = {isa = PBXBuildFile; fileRef = A30D83642950CD2500A0C205 /* HomeViewModel.swift */; };
		A30D83692950CF7500A0C205 /* InfoView.swift in Sources */ = {isa = PBXBuildFile; fileRef = A30D83682950CF7500A0C205 /* InfoView.swift */; };
		A30D836E2950D5C300A0C205 /* ServiceView.swift in Sources */ = {isa = PBXBuildFile; fileRef = A30D836B2950D5C300A0C205 /* ServiceView.swift */; };
		A30D83742950EFF500A0C205 /* NextServiceView.swift in Sources */ = {isa = PBXBuildFile; fileRef = A30D83712950EFF500A0C205 /* NextServiceView.swift */; };
		A364A8D92954BE40007B803E /* ServiceAPI.swift in Sources */ = {isa = PBXBuildFile; fileRef = A364A8D82954BE40007B803E /* ServiceAPI.swift */; };
		A364A8DB2954C1FD007B803E /* ServiceAPIModel.swift in Sources */ = {isa = PBXBuildFile; fileRef = A364A8DA2954C1FD007B803E /* ServiceAPIModel.swift */; };
		A364A8DE2954C3C4007B803E /* ServiceAPIResult.swift in Sources */ = {isa = PBXBuildFile; fileRef = A364A8DD2954C3C4007B803E /* ServiceAPIResult.swift */; };
		A364A8E22954CA70007B803E /* ServiceLayout.swift in Sources */ = {isa = PBXBuildFile; fileRef = A364A8E12954CA70007B803E /* ServiceLayout.swift */; };
		A37ED9782964B938001CF9B1 /* ServiceDetailsViewController.swift in Sources */ = {isa = PBXBuildFile; fileRef = A37ED9752964B938001CF9B1 /* ServiceDetailsViewController.swift */; };
		A37ED9792964B938001CF9B1 /* ServiceDetailsView.swift in Sources */ = {isa = PBXBuildFile; fileRef = A37ED9762964B938001CF9B1 /* ServiceDetailsView.swift */; };
		A37ED97A2964B938001CF9B1 /* ServiceDetailsViewModel.swift in Sources */ = {isa = PBXBuildFile; fileRef = A37ED9772964B938001CF9B1 /* ServiceDetailsViewModel.swift */; };
		A37ED97D2965ACDD001CF9B1 /* TimeInterval.swift in Sources */ = {isa = PBXBuildFile; fileRef = A37ED97C2965ACDD001CF9B1 /* TimeInterval.swift */; };
		A37ED9812965F471001CF9B1 /* NotificationManager.swift in Sources */ = {isa = PBXBuildFile; fileRef = A37ED9802965F471001CF9B1 /* NotificationManager.swift */; };
		A37ED98429660A9C001CF9B1 /* NSNotificationName.swift in Sources */ = {isa = PBXBuildFile; fileRef = A37ED98329660A9C001CF9B1 /* NSNotificationName.swift */; };
		A38D249F2955E60500B06DF0 /* Int.swift in Sources */ = {isa = PBXBuildFile; fileRef = A38D249E2955E60500B06DF0 /* Int.swift */; };
		A38D24A12956169F00B06DF0 /* Date.swift in Sources */ = {isa = PBXBuildFile; fileRef = A38D24A02956169F00B06DF0 /* Date.swift */; };
		A38D24A3295631B400B06DF0 /* Time.swift in Sources */ = {isa = PBXBuildFile; fileRef = A38D24A2295631B400B06DF0 /* Time.swift */; };
/* End PBXBuildFile section */

/* Begin PBXFileReference section */
		4C55034129379F3600699589 /* PoliServices.app */ = {isa = PBXFileReference; explicitFileType = wrapper.application; includeInIndex = 0; path = PoliServices.app; sourceTree = BUILT_PRODUCTS_DIR; };
		4C55034429379F3600699589 /* AppDelegate.swift */ = {isa = PBXFileReference; lastKnownFileType = sourcecode.swift; path = AppDelegate.swift; sourceTree = "<group>"; };
		4C55034629379F3600699589 /* SceneDelegate.swift */ = {isa = PBXFileReference; lastKnownFileType = sourcecode.swift; path = SceneDelegate.swift; sourceTree = "<group>"; };
		4C55034D29379F3900699589 /* Assets.xcassets */ = {isa = PBXFileReference; lastKnownFileType = folder.assetcatalog; path = Assets.xcassets; sourceTree = "<group>"; };
		4C55035029379F3900699589 /* Base */ = {isa = PBXFileReference; lastKnownFileType = file.storyboard; name = Base; path = Base.lproj/LaunchScreen.storyboard; sourceTree = "<group>"; };
		4C55035229379F3900699589 /* Info.plist */ = {isa = PBXFileReference; lastKnownFileType = text.plist.xml; path = Info.plist; sourceTree = "<group>"; };
		A30D833F2950964100A0C205 /* SelectDateViewController.swift */ = {isa = PBXFileReference; lastKnownFileType = sourcecode.swift; path = SelectDateViewController.swift; sourceTree = "<group>"; };
		A30D83402950964100A0C205 /* SelectDateView.swift */ = {isa = PBXFileReference; lastKnownFileType = sourcecode.swift; path = SelectDateView.swift; sourceTree = "<group>"; };
		A30D83412950964100A0C205 /* SelectDateViewModel.swift */ = {isa = PBXFileReference; lastKnownFileType = sourcecode.swift; path = SelectDateViewModel.swift; sourceTree = "<group>"; };
		A30D83492950A35B00A0C205 /* UIColor.swift */ = {isa = PBXFileReference; lastKnownFileType = sourcecode.swift; path = UIColor.swift; sourceTree = "<group>"; };
		A30D834C2950A8B100A0C205 /* ServiceData.swift */ = {isa = PBXFileReference; lastKnownFileType = sourcecode.swift; path = ServiceData.swift; sourceTree = "<group>"; };
		A30D834E2950A90900A0C205 /* Service.swift */ = {isa = PBXFileReference; lastKnownFileType = sourcecode.swift; path = Service.swift; sourceTree = "<group>"; };
		A30D83512950ABDD00A0C205 /* NewServiceViewController.swift */ = {isa = PBXFileReference; lastKnownFileType = sourcecode.swift; path = NewServiceViewController.swift; sourceTree = "<group>"; };
		A30D83522950ABDD00A0C205 /* NewServiceView.swift */ = {isa = PBXFileReference; lastKnownFileType = sourcecode.swift; path = NewServiceView.swift; sourceTree = "<group>"; };
		A30D83532950ABDD00A0C205 /* NewServiceViewModel.swift */ = {isa = PBXFileReference; lastKnownFileType = sourcecode.swift; path = NewServiceViewModel.swift; sourceTree = "<group>"; };
		A30D83582950AE1700A0C205 /* ServiceCollectionViewCell.swift */ = {isa = PBXFileReference; lastKnownFileType = sourcecode.swift; path = ServiceCollectionViewCell.swift; sourceTree = "<group>"; };
		A30D835F2950AEC700A0C205 /* UIImage.swift */ = {isa = PBXFileReference; lastKnownFileType = sourcecode.swift; path = UIImage.swift; sourceTree = "<group>"; };
		A30D83622950CD2500A0C205 /* HomeViewController.swift */ = {isa = PBXFileReference; lastKnownFileType = sourcecode.swift; path = HomeViewController.swift; sourceTree = "<group>"; };
		A30D83632950CD2500A0C205 /* HomeView.swift */ = {isa = PBXFileReference; lastKnownFileType = sourcecode.swift; path = HomeView.swift; sourceTree = "<group>"; };
		A30D83642950CD2500A0C205 /* HomeViewModel.swift */ = {isa = PBXFileReference; lastKnownFileType = sourcecode.swift; path = HomeViewModel.swift; sourceTree = "<group>"; };
		A30D83682950CF7500A0C205 /* InfoView.swift */ = {isa = PBXFileReference; lastKnownFileType = sourcecode.swift; path = InfoView.swift; sourceTree = "<group>"; };
		A30D836B2950D5C300A0C205 /* ServiceView.swift */ = {isa = PBXFileReference; lastKnownFileType = sourcecode.swift; path = ServiceView.swift; sourceTree = "<group>"; };
		A30D83712950EFF500A0C205 /* NextServiceView.swift */ = {isa = PBXFileReference; lastKnownFileType = sourcecode.swift; path = NextServiceView.swift; sourceTree = "<group>"; };
		A364A8D82954BE40007B803E /* ServiceAPI.swift */ = {isa = PBXFileReference; lastKnownFileType = sourcecode.swift; path = ServiceAPI.swift; sourceTree = "<group>"; };
		A364A8DA2954C1FD007B803E /* ServiceAPIModel.swift */ = {isa = PBXFileReference; lastKnownFileType = sourcecode.swift; path = ServiceAPIModel.swift; sourceTree = "<group>"; };
		A364A8DD2954C3C4007B803E /* ServiceAPIResult.swift */ = {isa = PBXFileReference; lastKnownFileType = sourcecode.swift; path = ServiceAPIResult.swift; sourceTree = "<group>"; };
		A364A8E12954CA70007B803E /* ServiceLayout.swift */ = {isa = PBXFileReference; lastKnownFileType = sourcecode.swift; path = ServiceLayout.swift; sourceTree = "<group>"; };
		A37ED9752964B938001CF9B1 /* ServiceDetailsViewController.swift */ = {isa = PBXFileReference; lastKnownFileType = sourcecode.swift; path = ServiceDetailsViewController.swift; sourceTree = "<group>"; };
		A37ED9762964B938001CF9B1 /* ServiceDetailsView.swift */ = {isa = PBXFileReference; lastKnownFileType = sourcecode.swift; path = ServiceDetailsView.swift; sourceTree = "<group>"; };
		A37ED9772964B938001CF9B1 /* ServiceDetailsViewModel.swift */ = {isa = PBXFileReference; lastKnownFileType = sourcecode.swift; path = ServiceDetailsViewModel.swift; sourceTree = "<group>"; };
		A37ED97C2965ACDD001CF9B1 /* TimeInterval.swift */ = {isa = PBXFileReference; lastKnownFileType = sourcecode.swift; path = TimeInterval.swift; sourceTree = "<group>"; };
		A37ED9802965F471001CF9B1 /* NotificationManager.swift */ = {isa = PBXFileReference; lastKnownFileType = sourcecode.swift; path = NotificationManager.swift; sourceTree = "<group>"; };
		A37ED98329660A9C001CF9B1 /* NSNotificationName.swift */ = {isa = PBXFileReference; lastKnownFileType = sourcecode.swift; path = NSNotificationName.swift; sourceTree = "<group>"; };
		A38D249E2955E60500B06DF0 /* Int.swift */ = {isa = PBXFileReference; lastKnownFileType = sourcecode.swift; path = Int.swift; sourceTree = "<group>"; };
		A38D24A02956169F00B06DF0 /* Date.swift */ = {isa = PBXFileReference; lastKnownFileType = sourcecode.swift; path = Date.swift; sourceTree = "<group>"; };
		A38D24A2295631B400B06DF0 /* Time.swift */ = {isa = PBXFileReference; lastKnownFileType = sourcecode.swift; path = Time.swift; sourceTree = "<group>"; };
/* End PBXFileReference section */

/* Begin PBXFrameworksBuildPhase section */
		4C55033E29379F3600699589 /* Frameworks */ = {
			isa = PBXFrameworksBuildPhase;
			buildActionMask = 2147483647;
			files = (
			);
			runOnlyForDeploymentPostprocessing = 0;
		};
/* End PBXFrameworksBuildPhase section */

/* Begin PBXGroup section */
		4C55033829379F3600699589 = {
			isa = PBXGroup;
			children = (
				4C55034329379F3600699589 /* PoliServices */,
				4C55034229379F3600699589 /* Products */,
			);
			sourceTree = "<group>";
		};
		4C55034229379F3600699589 /* Products */ = {
			isa = PBXGroup;
			children = (
				4C55034129379F3600699589 /* PoliServices.app */,
			);
			name = Products;
			sourceTree = "<group>";
		};
		4C55034329379F3600699589 /* PoliServices */ = {
			isa = PBXGroup;
			children = (
				A30D83392950934000A0C205 /* AppDelegate */,
				A30D83572950ADEB00A0C205 /* Components */,
				A37ED97E2965F43A001CF9B1 /* Data */,
				A30D83462950A2A500A0C205 /* Extensions */,
				A30D834B2950A89300A0C205 /* Model */,
				A37ED9822965FD80001CF9B1 /* Managers */,
				A364A8D72954BDFF007B803E /* Network */,
				A30D833A2950934D00A0C205 /* Resources */,
				A30D833C295094F700A0C205 /* Screens */,
				4C55035229379F3900699589 /* Info.plist */,
			);
			path = PoliServices;
			sourceTree = "<group>";
		};
		A30D83392950934000A0C205 /* AppDelegate */ = {
			isa = PBXGroup;
			children = (
				4C55034429379F3600699589 /* AppDelegate.swift */,
				4C55034629379F3600699589 /* SceneDelegate.swift */,
			);
			path = AppDelegate;
			sourceTree = "<group>";
		};
		A30D833A2950934D00A0C205 /* Resources */ = {
			isa = PBXGroup;
			children = (
				4C55034D29379F3900699589 /* Assets.xcassets */,
				4C55034F29379F3900699589 /* LaunchScreen.storyboard */,
			);
			path = Resources;
			sourceTree = "<group>";
		};
		A30D833C295094F700A0C205 /* Screens */ = {
			isa = PBXGroup;
			children = (
				A37ED9742964B928001CF9B1 /* ServiceDetails */,
				A30D83612950CD1900A0C205 /* Home */,
				A30D83502950ABB600A0C205 /* NewService */,
				A30D83452950964600A0C205 /* SelectDate */,
			);
			path = Screens;
			sourceTree = "<group>";
		};
		A30D83452950964600A0C205 /* SelectDate */ = {
			isa = PBXGroup;
			children = (
				A30D833F2950964100A0C205 /* SelectDateViewController.swift */,
				A30D83402950964100A0C205 /* SelectDateView.swift */,
				A30D83412950964100A0C205 /* SelectDateViewModel.swift */,
			);
			path = SelectDate;
			sourceTree = "<group>";
		};
		A30D83462950A2A500A0C205 /* Extensions */ = {
			isa = PBXGroup;
			children = (
				A30D83492950A35B00A0C205 /* UIColor.swift */,
				A30D835F2950AEC700A0C205 /* UIImage.swift */,
				A38D249E2955E60500B06DF0 /* Int.swift */,
				A38D24A02956169F00B06DF0 /* Date.swift */,
				A37ED97C2965ACDD001CF9B1 /* TimeInterval.swift */,
				A37ED98329660A9C001CF9B1 /* NSNotificationName.swift */,
			);
			path = Extensions;
			sourceTree = "<group>";
		};
		A30D834B2950A89300A0C205 /* Model */ = {
			isa = PBXGroup;
			children = (
				A30D834E2950A90900A0C205 /* Service.swift */,
				A364A8E12954CA70007B803E /* ServiceLayout.swift */,
				A38D24A2295631B400B06DF0 /* Time.swift */,
			);
			path = Model;
			sourceTree = "<group>";
		};
		A30D83502950ABB600A0C205 /* NewService */ = {
			isa = PBXGroup;
			children = (
				A30D83512950ABDD00A0C205 /* NewServiceViewController.swift */,
				A30D83522950ABDD00A0C205 /* NewServiceView.swift */,
				A30D83532950ABDD00A0C205 /* NewServiceViewModel.swift */,
			);
			path = NewService;
			sourceTree = "<group>";
		};
		A30D83572950ADEB00A0C205 /* Components */ = {
			isa = PBXGroup;
			children = (
				A30D83582950AE1700A0C205 /* ServiceCollectionViewCell.swift */,
				A30D83682950CF7500A0C205 /* InfoView.swift */,
				A30D836B2950D5C300A0C205 /* ServiceView.swift */,
				A30D83712950EFF500A0C205 /* NextServiceView.swift */,
			);
			path = Components;
			sourceTree = "<group>";
		};
		A30D83612950CD1900A0C205 /* Home */ = {
			isa = PBXGroup;
			children = (
				A30D83622950CD2500A0C205 /* HomeViewController.swift */,
				A30D83632950CD2500A0C205 /* HomeView.swift */,
				A30D83642950CD2500A0C205 /* HomeViewModel.swift */,
			);
			path = Home;
			sourceTree = "<group>";
		};
		A364A8D72954BDFF007B803E /* Network */ = {
			isa = PBXGroup;
			children = (
				A364A8DC2954C3AD007B803E /* Model */,
				A364A8D82954BE40007B803E /* ServiceAPI.swift */,
			);
			path = Network;
			sourceTree = "<group>";
		};
		A364A8DC2954C3AD007B803E /* Model */ = {
			isa = PBXGroup;
			children = (
				A364A8DA2954C1FD007B803E /* ServiceAPIModel.swift */,
				A364A8DD2954C3C4007B803E /* ServiceAPIResult.swift */,
			);
			path = Model;
			sourceTree = "<group>";
		};
		A37ED9742964B928001CF9B1 /* ServiceDetails */ = {
			isa = PBXGroup;
			children = (
				A37ED9752964B938001CF9B1 /* ServiceDetailsViewController.swift */,
				A37ED9762964B938001CF9B1 /* ServiceDetailsView.swift */,
				A37ED9772964B938001CF9B1 /* ServiceDetailsViewModel.swift */,
			);
			path = ServiceDetails;
			sourceTree = "<group>";
		};
		A37ED97E2965F43A001CF9B1 /* Data */ = {
			isa = PBXGroup;
			children = (
				A30D834C2950A8B100A0C205 /* ServiceData.swift */,
			);
			path = Data;
			sourceTree = "<group>";
		};
		A37ED9822965FD80001CF9B1 /* Managers */ = {
			isa = PBXGroup;
			children = (
				A37ED9802965F471001CF9B1 /* NotificationManager.swift */,
			);
			path = Managers;
			sourceTree = "<group>";
		};
/* End PBXGroup section */

/* Begin PBXNativeTarget section */
		4C55034029379F3600699589 /* PoliServices */ = {
			isa = PBXNativeTarget;
			buildConfigurationList = 4C55035529379F3900699589 /* Build configuration list for PBXNativeTarget "PoliServices" */;
			buildPhases = (
				4C55033D29379F3600699589 /* Sources */,
				4C55033E29379F3600699589 /* Frameworks */,
				4C55033F29379F3600699589 /* Resources */,
			);
			buildRules = (
			);
			dependencies = (
			);
			name = PoliServices;
			productName = PoliServices;
			productReference = 4C55034129379F3600699589 /* PoliServices.app */;
			productType = "com.apple.product-type.application";
		};
/* End PBXNativeTarget section */

/* Begin PBXProject section */
		4C55033929379F3600699589 /* Project object */ = {
			isa = PBXProject;
			attributes = {
				BuildIndependentTargetsInParallel = 1;
				LastSwiftUpdateCheck = 1330;
				LastUpgradeCheck = 1330;
				TargetAttributes = {
					4C55034029379F3600699589 = {
						CreatedOnToolsVersion = 13.3;
						LastSwiftMigration = 1410;
					};
				};
			};
			buildConfigurationList = 4C55033C29379F3600699589 /* Build configuration list for PBXProject "PoliServices" */;
			compatibilityVersion = "Xcode 13.0";
			developmentRegion = en;
			hasScannedForEncodings = 0;
			knownRegions = (
				en,
				Base,
			);
			mainGroup = 4C55033829379F3600699589;
			productRefGroup = 4C55034229379F3600699589 /* Products */;
			projectDirPath = "";
			projectRoot = "";
			targets = (
				4C55034029379F3600699589 /* PoliServices */,
			);
		};
/* End PBXProject section */

/* Begin PBXResourcesBuildPhase section */
		4C55033F29379F3600699589 /* Resources */ = {
			isa = PBXResourcesBuildPhase;
			buildActionMask = 2147483647;
			files = (
				4C55035129379F3900699589 /* LaunchScreen.storyboard in Resources */,
				4C55034E29379F3900699589 /* Assets.xcassets in Resources */,
			);
			runOnlyForDeploymentPostprocessing = 0;
		};
/* End PBXResourcesBuildPhase section */

/* Begin PBXSourcesBuildPhase section */
		4C55033D29379F3600699589 /* Sources */ = {
			isa = PBXSourcesBuildPhase;
			buildActionMask = 2147483647;
			files = (
				A364A8DE2954C3C4007B803E /* ServiceAPIResult.swift in Sources */,
				A37ED97D2965ACDD001CF9B1 /* TimeInterval.swift in Sources */,
				A30D83562950ABDD00A0C205 /* NewServiceViewModel.swift in Sources */,
				A30D83672950CD2500A0C205 /* HomeViewModel.swift in Sources */,
				A364A8E22954CA70007B803E /* ServiceLayout.swift in Sources */,
				A30D83442950964100A0C205 /* SelectDateViewModel.swift in Sources */,
				A30D83542950ABDD00A0C205 /* NewServiceViewController.swift in Sources */,
				A37ED9812965F471001CF9B1 /* NotificationManager.swift in Sources */,
				A30D834D2950A8B100A0C205 /* ServiceData.swift in Sources */,
				A30D83692950CF7500A0C205 /* InfoView.swift in Sources */,
				A364A8D92954BE40007B803E /* ServiceAPI.swift in Sources */,
				A30D83662950CD2500A0C205 /* HomeView.swift in Sources */,
				A38D24A12956169F00B06DF0 /* Date.swift in Sources */,
				A30D83422950964100A0C205 /* SelectDateViewController.swift in Sources */,
				A30D834F2950A90900A0C205 /* Service.swift in Sources */,
				A30D83432950964100A0C205 /* SelectDateView.swift in Sources */,
				A38D24A3295631B400B06DF0 /* Time.swift in Sources */,
				A364A8DB2954C1FD007B803E /* ServiceAPIModel.swift in Sources */,
				4C55034529379F3600699589 /* AppDelegate.swift in Sources */,
				A37ED9782964B938001CF9B1 /* ServiceDetailsViewController.swift in Sources */,
				A30D83592950AE1700A0C205 /* ServiceCollectionViewCell.swift in Sources */,
				A38D249F2955E60500B06DF0 /* Int.swift in Sources */,
				A30D83652950CD2500A0C205 /* HomeViewController.swift in Sources */,
				A37ED9792964B938001CF9B1 /* ServiceDetailsView.swift in Sources */,
				A37ED97A2964B938001CF9B1 /* ServiceDetailsViewModel.swift in Sources */,
				4C55034729379F3600699589 /* SceneDelegate.swift in Sources */,
				A30D83742950EFF500A0C205 /* NextServiceView.swift in Sources */,
				A30D836E2950D5C300A0C205 /* ServiceView.swift in Sources */,
				A37ED98429660A9C001CF9B1 /* NSNotificationName.swift in Sources */,
				A30D83602950AEC700A0C205 /* UIImage.swift in Sources */,
				A30D834A2950A35B00A0C205 /* UIColor.swift in Sources */,
				A30D83552950ABDD00A0C205 /* NewServiceView.swift in Sources */,
			);
			runOnlyForDeploymentPostprocessing = 0;
		};
/* End PBXSourcesBuildPhase section */

/* Begin PBXVariantGroup section */
		4C55034F29379F3900699589 /* LaunchScreen.storyboard */ = {
			isa = PBXVariantGroup;
			children = (
				4C55035029379F3900699589 /* Base */,
			);
			name = LaunchScreen.storyboard;
			sourceTree = "<group>";
		};
/* End PBXVariantGroup section */

/* Begin XCBuildConfiguration section */
		4C55035329379F3900699589 /* Debug */ = {
			isa = XCBuildConfiguration;
			buildSettings = {
				ALWAYS_SEARCH_USER_PATHS = NO;
				CLANG_ANALYZER_NONNULL = YES;
				CLANG_ANALYZER_NUMBER_OBJECT_CONVERSION = YES_AGGRESSIVE;
				CLANG_CXX_LANGUAGE_STANDARD = "gnu++17";
				CLANG_ENABLE_MODULES = YES;
				CLANG_ENABLE_OBJC_ARC = YES;
				CLANG_ENABLE_OBJC_WEAK = YES;
				CLANG_WARN_BLOCK_CAPTURE_AUTORELEASING = YES;
				CLANG_WARN_BOOL_CONVERSION = YES;
				CLANG_WARN_COMMA = YES;
				CLANG_WARN_CONSTANT_CONVERSION = YES;
				CLANG_WARN_DEPRECATED_OBJC_IMPLEMENTATIONS = YES;
				CLANG_WARN_DIRECT_OBJC_ISA_USAGE = YES_ERROR;
				CLANG_WARN_DOCUMENTATION_COMMENTS = YES;
				CLANG_WARN_EMPTY_BODY = YES;
				CLANG_WARN_ENUM_CONVERSION = YES;
				CLANG_WARN_INFINITE_RECURSION = YES;
				CLANG_WARN_INT_CONVERSION = YES;
				CLANG_WARN_NON_LITERAL_NULL_CONVERSION = YES;
				CLANG_WARN_OBJC_IMPLICIT_RETAIN_SELF = YES;
				CLANG_WARN_OBJC_LITERAL_CONVERSION = YES;
				CLANG_WARN_OBJC_ROOT_CLASS = YES_ERROR;
				CLANG_WARN_QUOTED_INCLUDE_IN_FRAMEWORK_HEADER = YES;
				CLANG_WARN_RANGE_LOOP_ANALYSIS = YES;
				CLANG_WARN_STRICT_PROTOTYPES = YES;
				CLANG_WARN_SUSPICIOUS_MOVE = YES;
				CLANG_WARN_UNGUARDED_AVAILABILITY = YES_AGGRESSIVE;
				CLANG_WARN_UNREACHABLE_CODE = YES;
				CLANG_WARN__DUPLICATE_METHOD_MATCH = YES;
				COPY_PHASE_STRIP = NO;
				DEBUG_INFORMATION_FORMAT = dwarf;
				ENABLE_STRICT_OBJC_MSGSEND = YES;
				ENABLE_TESTABILITY = YES;
				GCC_C_LANGUAGE_STANDARD = gnu11;
				GCC_DYNAMIC_NO_PIC = NO;
				GCC_NO_COMMON_BLOCKS = YES;
				GCC_OPTIMIZATION_LEVEL = 0;
				GCC_PREPROCESSOR_DEFINITIONS = (
					"DEBUG=1",
					"$(inherited)",
				);
				GCC_WARN_64_TO_32_BIT_CONVERSION = YES;
				GCC_WARN_ABOUT_RETURN_TYPE = YES_ERROR;
				GCC_WARN_UNDECLARED_SELECTOR = YES;
				GCC_WARN_UNINITIALIZED_AUTOS = YES_AGGRESSIVE;
				GCC_WARN_UNUSED_FUNCTION = YES;
				GCC_WARN_UNUSED_VARIABLE = YES;
				IPHONEOS_DEPLOYMENT_TARGET = 12.4;
				MTL_ENABLE_DEBUG_INFO = INCLUDE_SOURCE;
				MTL_FAST_MATH = YES;
				ONLY_ACTIVE_ARCH = YES;
				SDKROOT = iphoneos;
				SWIFT_ACTIVE_COMPILATION_CONDITIONS = DEBUG;
				SWIFT_OPTIMIZATION_LEVEL = "-Onone";
			};
			name = Debug;
		};
		4C55035429379F3900699589 /* Release */ = {
			isa = XCBuildConfiguration;
			buildSettings = {
				ALWAYS_SEARCH_USER_PATHS = NO;
				CLANG_ANALYZER_NONNULL = YES;
				CLANG_ANALYZER_NUMBER_OBJECT_CONVERSION = YES_AGGRESSIVE;
				CLANG_CXX_LANGUAGE_STANDARD = "gnu++17";
				CLANG_ENABLE_MODULES = YES;
				CLANG_ENABLE_OBJC_ARC = YES;
				CLANG_ENABLE_OBJC_WEAK = YES;
				CLANG_WARN_BLOCK_CAPTURE_AUTORELEASING = YES;
				CLANG_WARN_BOOL_CONVERSION = YES;
				CLANG_WARN_COMMA = YES;
				CLANG_WARN_CONSTANT_CONVERSION = YES;
				CLANG_WARN_DEPRECATED_OBJC_IMPLEMENTATIONS = YES;
				CLANG_WARN_DIRECT_OBJC_ISA_USAGE = YES_ERROR;
				CLANG_WARN_DOCUMENTATION_COMMENTS = YES;
				CLANG_WARN_EMPTY_BODY = YES;
				CLANG_WARN_ENUM_CONVERSION = YES;
				CLANG_WARN_INFINITE_RECURSION = YES;
				CLANG_WARN_INT_CONVERSION = YES;
				CLANG_WARN_NON_LITERAL_NULL_CONVERSION = YES;
				CLANG_WARN_OBJC_IMPLICIT_RETAIN_SELF = YES;
				CLANG_WARN_OBJC_LITERAL_CONVERSION = YES;
				CLANG_WARN_OBJC_ROOT_CLASS = YES_ERROR;
				CLANG_WARN_QUOTED_INCLUDE_IN_FRAMEWORK_HEADER = YES;
				CLANG_WARN_RANGE_LOOP_ANALYSIS = YES;
				CLANG_WARN_STRICT_PROTOTYPES = YES;
				CLANG_WARN_SUSPICIOUS_MOVE = YES;
				CLANG_WARN_UNGUARDED_AVAILABILITY = YES_AGGRESSIVE;
				CLANG_WARN_UNREACHABLE_CODE = YES;
				CLANG_WARN__DUPLICATE_METHOD_MATCH = YES;
				COPY_PHASE_STRIP = NO;
				DEBUG_INFORMATION_FORMAT = "dwarf-with-dsym";
				ENABLE_NS_ASSERTIONS = NO;
				ENABLE_STRICT_OBJC_MSGSEND = YES;
				GCC_C_LANGUAGE_STANDARD = gnu11;
				GCC_NO_COMMON_BLOCKS = YES;
				GCC_WARN_64_TO_32_BIT_CONVERSION = YES;
				GCC_WARN_ABOUT_RETURN_TYPE = YES_ERROR;
				GCC_WARN_UNDECLARED_SELECTOR = YES;
				GCC_WARN_UNINITIALIZED_AUTOS = YES_AGGRESSIVE;
				GCC_WARN_UNUSED_FUNCTION = YES;
				GCC_WARN_UNUSED_VARIABLE = YES;
				IPHONEOS_DEPLOYMENT_TARGET = 12.4;
				MTL_ENABLE_DEBUG_INFO = NO;
				MTL_FAST_MATH = YES;
				SDKROOT = iphoneos;
				SWIFT_COMPILATION_MODE = wholemodule;
				SWIFT_OPTIMIZATION_LEVEL = "-O";
				VALIDATE_PRODUCT = YES;
			};
			name = Release;
		};
		4C55035629379F3900699589 /* Debug */ = {
			isa = XCBuildConfiguration;
			buildSettings = {
				ASSETCATALOG_COMPILER_APPICON_NAME = AppIcon;
				ASSETCATALOG_COMPILER_GLOBAL_ACCENT_COLOR_NAME = AccentColor;
				CLANG_ENABLE_MODULES = YES;
				CODE_SIGN_STYLE = Automatic;
				CURRENT_PROJECT_VERSION = 1;
				DEVELOPMENT_TEAM = GM2YUUZ32A;
				GENERATE_INFOPLIST_FILE = YES;
				INFOPLIST_FILE = PoliServices/Info.plist;
				INFOPLIST_KEY_CFBundleDisplayName = "Poli Services";
				INFOPLIST_KEY_UIApplicationSupportsIndirectInputEvents = YES;
				INFOPLIST_KEY_UILaunchStoryboardName = LaunchScreen.storyboard;
				INFOPLIST_KEY_UIStatusBarStyle = UIStatusBarStyleLightContent;
				INFOPLIST_KEY_UISupportedInterfaceOrientations = UIInterfaceOrientationPortrait;
				INFOPLIST_KEY_UIUserInterfaceStyle = Light;
				IPHONEOS_DEPLOYMENT_TARGET = 16.0;
				LD_RUNPATH_SEARCH_PATHS = (
					"$(inherited)",
					"@executable_path/Frameworks",
				);
				MARKETING_VERSION = 1.0;
				PRODUCT_BUNDLE_IDENTIFIER = com.devpoli.PoliServices;
				PRODUCT_NAME = "$(TARGET_NAME)";
				SWIFT_EMIT_LOC_STRINGS = YES;
				SWIFT_OBJC_BRIDGING_HEADER = "";
				SWIFT_OPTIMIZATION_LEVEL = "-Onone";
				SWIFT_VERSION = 5.0;
				TARGETED_DEVICE_FAMILY = "1,2";
			};
			name = Debug;
		};
		4C55035729379F3900699589 /* Release */ = {
			isa = XCBuildConfiguration;
			buildSettings = {
				ASSETCATALOG_COMPILER_APPICON_NAME = AppIcon;
				ASSETCATALOG_COMPILER_GLOBAL_ACCENT_COLOR_NAME = AccentColor;
				CLANG_ENABLE_MODULES = YES;
				CODE_SIGN_STYLE = Automatic;
				CURRENT_PROJECT_VERSION = 1;
				DEVELOPMENT_TEAM = GM2YUUZ32A;
				GENERATE_INFOPLIST_FILE = YES;
				INFOPLIST_FILE = PoliServices/Info.plist;
				INFOPLIST_KEY_CFBundleDisplayName = "Poli Services";
				INFOPLIST_KEY_UIApplicationSupportsIndirectInputEvents = YES;
				INFOPLIST_KEY_UILaunchStoryboardName = LaunchScreen.storyboard;
				INFOPLIST_KEY_UIStatusBarStyle = UIStatusBarStyleLightContent;
				INFOPLIST_KEY_UISupportedInterfaceOrientations = UIInterfaceOrientationPortrait;
				INFOPLIST_KEY_UIUserInterfaceStyle = Light;
				IPHONEOS_DEPLOYMENT_TARGET = 16.0;
				LD_RUNPATH_SEARCH_PATHS = (
					"$(inherited)",
					"@executable_path/Frameworks",
				);
				MARKETING_VERSION = 1.0;
				PRODUCT_BUNDLE_IDENTIFIER = com.devpoli.PoliServices;
				PRODUCT_NAME = "$(TARGET_NAME)";
				SWIFT_EMIT_LOC_STRINGS = YES;
				SWIFT_OBJC_BRIDGING_HEADER = "";
				SWIFT_VERSION = 5.0;
				TARGETED_DEVICE_FAMILY = "1,2";
			};
			name = Release;
		};
/* End XCBuildConfiguration section */

/* Begin XCConfigurationList section */
		4C55033C29379F3600699589 /* Build configuration list for PBXProject "PoliServices" */ = {
			isa = XCConfigurationList;
			buildConfigurations = (
				4C55035329379F3900699589 /* Debug */,
				4C55035429379F3900699589 /* Release */,
			);
			defaultConfigurationIsVisible = 0;
			defaultConfigurationName = Release;
		};
		4C55035529379F3900699589 /* Build configuration list for PBXNativeTarget "PoliServices" */ = {
			isa = XCConfigurationList;
			buildConfigurations = (
				4C55035629379F3900699589 /* Debug */,
				4C55035729379F3900699589 /* Release */,
			);
			defaultConfigurationIsVisible = 0;
			defaultConfigurationName = Release;
		};
/* End XCConfigurationList section */
	};
	rootObject = 4C55033929379F3600699589 /* Project object */;
}
